# This file is automatically @generated by Poetry 1.7.1 and should not be changed by hand.

[[package]]
name = "anyio"
version = "4.2.0"
description = "High level compatibility layer for multiple asynchronous event loop implementations"
optional = false
python-versions = ">=3.8"
files = [
    {file = "anyio-4.2.0-py3-none-any.whl", hash = "sha256:745843b39e829e108e518c489b31dc757de7d2131d53fac32bd8df268227bfee"},
    {file = "anyio-4.2.0.tar.gz", hash = "sha256:e1875bb4b4e2de1669f4bc7869b6d3f54231cdced71605e6e64c9be77e3be50f"},
]

[package.dependencies]
idna = ">=2.8"
sniffio = ">=1.1"

[package.extras]
doc = ["Sphinx (>=7)", "packaging", "sphinx-autodoc-typehints (>=1.2.0)", "sphinx-rtd-theme"]
test = ["anyio[trio]", "coverage[toml] (>=7)", "exceptiongroup (>=1.2.0)", "hypothesis (>=4.0)", "psutil (>=5.9)", "pytest (>=7.0)", "pytest-mock (>=3.6.1)", "trustme", "uvloop (>=0.17)"]
trio = ["trio (>=0.23)"]

[[package]]
name = "certifi"
version = "2023.11.17"
description = "Python package for providing Mozilla's CA Bundle."
optional = false
python-versions = ">=3.6"
files = [
    {file = "certifi-2023.11.17-py3-none-any.whl", hash = "sha256:e036ab49d5b79556f99cfc2d9320b34cfbe5be05c5871b51de9329f0603b0474"},
    {file = "certifi-2023.11.17.tar.gz", hash = "sha256:9b469f3a900bf28dc19b8cfbf8019bf47f7fdd1a65a1d4ffb98fc14166beb4d1"},
]

[[package]]
name = "click"
version = "8.1.7"
description = "Composable command line interface toolkit"
optional = false
python-versions = ">=3.7"
files = [
    {file = "click-8.1.7-py3-none-any.whl", hash = "sha256:ae74fb96c20a0277a1d615f1e4d73c8414f5a98db8b799a7931d1582f3390c28"},
    {file = "click-8.1.7.tar.gz", hash = "sha256:ca9853ad459e787e2192211578cc907e7594e294c7ccc834310722b41b9ca6de"},
]

[package.dependencies]
colorama = {version = "*", markers = "platform_system == \"Windows\""}

[[package]]
name = "colorama"
version = "0.4.6"
description = "Cross-platform colored terminal text."
optional = false
python-versions = "!=3.0.*,!=3.1.*,!=3.2.*,!=3.3.*,!=3.4.*,!=3.5.*,!=3.6.*,>=2.7"
files = [
    {file = "colorama-0.4.6-py2.py3-none-any.whl", hash = "sha256:4f1d9991f5acc0ca119f9d443620b77f9d6b33703e51011c16baf57afb285fc6"},
    {file = "colorama-0.4.6.tar.gz", hash = "sha256:08695f5cb7ed6e0531a20572697297273c47b8cae5a63ffc6d6ed5c201be6e44"},
]

[[package]]
name = "cssselect"
version = "1.2.0"
description = "cssselect parses CSS3 Selectors and translates them to XPath 1.0"
optional = false
python-versions = ">=3.7"
files = [
    {file = "cssselect-1.2.0-py2.py3-none-any.whl", hash = "sha256:da1885f0c10b60c03ed5eccbb6b68d6eff248d91976fcde348f395d54c9fd35e"},
    {file = "cssselect-1.2.0.tar.gz", hash = "sha256:666b19839cfaddb9ce9d36bfe4c969132c647b92fc9088c4e23f786b30f1b3dc"},
]

[[package]]
name = "h11"
version = "0.14.0"
description = "A pure-Python, bring-your-own-I/O implementation of HTTP/1.1"
optional = false
python-versions = ">=3.7"
files = [
    {file = "h11-0.14.0-py3-none-any.whl", hash = "sha256:e3fe4ac4b851c468cc8363d500db52c2ead036020723024a109d37346efaa761"},
    {file = "h11-0.14.0.tar.gz", hash = "sha256:8f19fbbe99e72420ff35c00b27a34cb9937e902a8b810e2c88300c6f0a3b699d"},
]

[[package]]
name = "httpcore"
version = "1.0.2"
description = "A minimal low-level HTTP client."
optional = false
python-versions = ">=3.8"
files = [
    {file = "httpcore-1.0.2-py3-none-any.whl", hash = "sha256:096cc05bca73b8e459a1fc3dcf585148f63e534eae4339559c9b8a8d6399acc7"},
    {file = "httpcore-1.0.2.tar.gz", hash = "sha256:9fc092e4799b26174648e54b74ed5f683132a464e95643b226e00c2ed2fa6535"},
]

[package.dependencies]
certifi = "*"
h11 = ">=0.13,<0.15"

[package.extras]
asyncio = ["anyio (>=4.0,<5.0)"]
http2 = ["h2 (>=3,<5)"]
socks = ["socksio (==1.*)"]
trio = ["trio (>=0.22.0,<0.23.0)"]

[[package]]
name = "httpx"
version = "0.25.2"
description = "The next generation HTTP client."
optional = false
python-versions = ">=3.8"
files = [
    {file = "httpx-0.25.2-py3-none-any.whl", hash = "sha256:a05d3d052d9b2dfce0e3896636467f8a5342fb2b902c819428e1ac65413ca118"},
    {file = "httpx-0.25.2.tar.gz", hash = "sha256:8b8fcaa0c8ea7b05edd69a094e63a2094c4efcb48129fb757361bc423c0ad9e8"},
]

[package.dependencies]
anyio = "*"
certifi = "*"
httpcore = "==1.*"
idna = "*"
sniffio = "*"

[package.extras]
brotli = ["brotli", "brotlicffi"]
cli = ["click (==8.*)", "pygments (==2.*)", "rich (>=10,<14)"]
http2 = ["h2 (>=3,<5)"]
socks = ["socksio (==1.*)"]

[[package]]
name = "idna"
version = "3.6"
description = "Internationalized Domain Names in Applications (IDNA)"
optional = false
python-versions = ">=3.5"
files = [
    {file = "idna-3.6-py3-none-any.whl", hash = "sha256:c05567e9c24a6b9faaa835c4821bad0590fbb9d5779e7caa6e1cc4978e7eb24f"},
    {file = "idna-3.6.tar.gz", hash = "sha256:9ecdbbd083b06798ae1e86adcbfe8ab1479cf864e4ee30fe4e46a003d12491ca"},
]

[[package]]
name = "iniconfig"
version = "2.0.0"
description = "brain-dead simple config-ini parsing"
optional = false
python-versions = ">=3.7"
files = [
    {file = "iniconfig-2.0.0-py3-none-any.whl", hash = "sha256:b6a85871a79d2e3b22d2d1b94ac2824226a63c6b741c88f7ae975f18b6778374"},
    {file = "iniconfig-2.0.0.tar.gz", hash = "sha256:2d91e135bf72d31a410b17c16da610a82cb55f6b0477d1a902134b24a455b8b3"},
]

[[package]]
name = "lxml"
version = "5.0.0"
description = "Powerful and Pythonic XML processing library combining libxml2/libxslt with the ElementTree API."
optional = false
python-versions = ">=2.7, !=3.0.*, !=3.1.*, !=3.2.*, !=3.3.*, != 3.4.*"
files = [
    {file = "lxml-5.0.0-cp27-cp27m-manylinux_2_5_i686.manylinux1_i686.whl", hash = "sha256:73bfab795d354aaf2f4eb7a5b0db513031734fd371047342d5803834ce19ec18"},
    {file = "lxml-5.0.0-cp27-cp27m-manylinux_2_5_x86_64.manylinux1_x86_64.whl", hash = "sha256:cb564bbe55ff0897d9cf1225041a44576d7ae87f06fd60163544c91de2623d3f"},
    {file = "lxml-5.0.0-cp27-cp27mu-manylinux_2_5_i686.manylinux1_i686.whl", hash = "sha256:6a5501438dd521bb7e0dde5008c40c7bfcfaafaf86eccb3f9bd27509abb793da"},
    {file = "lxml-5.0.0-cp27-cp27mu-manylinux_2_5_x86_64.manylinux1_x86_64.whl", hash = "sha256:7ba26a7dc929a1b3487d51bbcb0099afed2fc06e891b82845c8f37a2d7d7fbbd"},
    {file = "lxml-5.0.0-cp310-cp310-macosx_11_0_x86_64.whl", hash = "sha256:9b59c429e1a2246da86ae237ffc3565efcdc71c281cd38ca8b44d5fb6a3b993a"},
    {file = "lxml-5.0.0-cp310-cp310-manylinux_2_12_i686.manylinux2010_i686.manylinux_2_24_i686.whl", hash = "sha256:3ffa066db40b0347e48334bd4465de768e295a3525b9a59831228b5f4f93162d"},
    {file = "lxml-5.0.0-cp310-cp310-manylinux_2_17_aarch64.manylinux2014_aarch64.manylinux_2_24_aarch64.whl", hash = "sha256:8ce8b468ab50f9e944719d1134709ec11fe0d2840891a6cae369e22141b1094c"},
    {file = "lxml-5.0.0-cp310-cp310-manylinux_2_17_x86_64.manylinux2014_x86_64.manylinux_2_24_x86_64.whl", hash = "sha256:583c0e15ae06adc81035346ae2abb2e748f0b5197e7740d8af31222db41bbf7b"},
    {file = "lxml-5.0.0-cp310-cp310-manylinux_2_28_x86_64.whl", hash = "sha256:904d36165848b59c4e04ae5b969072e602bd987485076fca8ec42c6cd7a7aedc"},
    {file = "lxml-5.0.0-cp310-cp310-musllinux_1_1_aarch64.whl", hash = "sha256:ac21aace6712472e77ea9dfc38329f53830c4259ece54c786107105ebb069053"},
    {file = "lxml-5.0.0-cp310-cp310-musllinux_1_1_x86_64.whl", hash = "sha256:f92d73faa0b1a76d1932429d684b7ce95829e93c3eef3715ec9b98ab192c9d31"},
    {file = "lxml-5.0.0-cp310-cp310-win32.whl", hash = "sha256:03290e2f714f2e7431c8430c08b48167f657da7bc689c6248e828ff3c66d5b1b"},
    {file = "lxml-5.0.0-cp310-cp310-win_amd64.whl", hash = "sha256:3e6cbb68bf70081f036bfc018649cf4b46c4e7eaf7860a277cae92dee2a57f69"},
    {file = "lxml-5.0.0-cp311-cp311-macosx_11_0_universal2.whl", hash = "sha256:5382612ba2424cea5d2c89e2c29077023d8de88f8d60d5ceff5f76334516df9e"},
    {file = "lxml-5.0.0-cp311-cp311-manylinux_2_12_i686.manylinux2010_i686.manylinux_2_24_i686.whl", hash = "sha256:07a900735bad9af7be3085480bf384f68ed5580ba465b39a098e6a882c060d6b"},
    {file = "lxml-5.0.0-cp311-cp311-manylinux_2_17_aarch64.manylinux2014_aarch64.manylinux_2_24_aarch64.whl", hash = "sha256:980ba47c8db4b9d870014c7040edb230825b79017a6a27aa54cdb6fcc02d8cc0"},
    {file = "lxml-5.0.0-cp311-cp311-manylinux_2_17_x86_64.manylinux2014_x86_64.manylinux_2_24_x86_64.whl", hash = "sha256:6507c58431dbd95b50654b3313c5ad54f90e54e5f2cdacf733de61eae478eec5"},
    {file = "lxml-5.0.0-cp311-cp311-manylinux_2_28_aarch64.whl", hash = "sha256:4a45a278518e4308865c1e9dbb2c42ce84fb154efb03adeb16fdae3c1687c7c9"},
    {file = "lxml-5.0.0-cp311-cp311-manylinux_2_28_x86_64.whl", hash = "sha256:59cea9ba1c675fbd6867ca1078fc717a113e7f5b7644943b74137b7cc55abebf"},
    {file = "lxml-5.0.0-cp311-cp311-musllinux_1_1_aarch64.whl", hash = "sha256:dd39ef87fd1f7bb5c4aa53454936e6135cbfe03fe3744e8218be193f9e4fef16"},
    {file = "lxml-5.0.0-cp311-cp311-musllinux_1_1_x86_64.whl", hash = "sha256:e6bb39d91bf932e7520cb5718ae3c2f498052aca53294d5d59fdd9068fe1a7f2"},
    {file = "lxml-5.0.0-cp311-cp311-win32.whl", hash = "sha256:21af2c3862db6f4f486cddf73ec1157b40d5828876c47cd880edcbad8240ea1b"},
    {file = "lxml-5.0.0-cp311-cp311-win_amd64.whl", hash = "sha256:c1249aa4eaced30b59ecf8b8cae0b1ccede04583c74ca7d10b6f8bbead908b2c"},
    {file = "lxml-5.0.0-cp312-cp312-macosx_11_0_universal2.whl", hash = "sha256:f30e697b6215e759d0824768b2c5b0618d2dc19abe6c67eeed2b0460f52470d1"},
    {file = "lxml-5.0.0-cp312-cp312-manylinux_2_28_aarch64.whl", hash = "sha256:d1bb64646480c36a4aa1b6a44a5b6e33d0fcbeab9f53f1b39072cd3bb2c6243a"},
    {file = "lxml-5.0.0-cp312-cp312-manylinux_2_28_x86_64.whl", hash = "sha256:4e69c36c8618707a90ed3fb6f48a6cc9254ffcdbf7b259e439a5ae5fbf9c5206"},
    {file = "lxml-5.0.0-cp312-cp312-musllinux_1_1_aarch64.whl", hash = "sha256:9ca498f8554a09fbc3a2f8fc4b23261e07bc27bef99b3df98e2570688033f6fc"},
    {file = "lxml-5.0.0-cp312-cp312-musllinux_1_1_x86_64.whl", hash = "sha256:0326e9b8176ea77269fb39e7af4010906e73e9496a9f8eaf06d253b1b1231ceb"},
    {file = "lxml-5.0.0-cp312-cp312-win32.whl", hash = "sha256:5fb988e15378d6e905ca8f60813950a0c56da9469d0e8e5d8fe785b282684ec5"},
    {file = "lxml-5.0.0-cp312-cp312-win_amd64.whl", hash = "sha256:bb58e8f4b2cfe012cd312239b8d5139995fe8f5945c7c26d5fbbbb1ddb9acd47"},
    {file = "lxml-5.0.0-cp35-cp35m-manylinux_2_5_i686.manylinux1_i686.whl", hash = "sha256:81509dffd8aba3bdb43e90cbd218c9c068a1f4047d97bc9546b3ac9e3a4ae81d"},
    {file = "lxml-5.0.0-cp35-cp35m-manylinux_2_5_x86_64.manylinux1_x86_64.whl", hash = "sha256:e675a4b95208e74c34ac0751cc4bab9170e7728b61601fb0f4746892c2bb7e0b"},
    {file = "lxml-5.0.0-cp36-cp36m-macosx_11_0_x86_64.whl", hash = "sha256:405e3760f83a8ba3bdb6e622ec79595cdc20db916ce37377bbcb95b5711fa4ca"},
    {file = "lxml-5.0.0-cp36-cp36m-manylinux_2_12_i686.manylinux2010_i686.manylinux_2_24_i686.whl", hash = "sha256:f15844a1b93dcaa09c2b22e22a73384f3ae4502347c3881cfdd674e14ac04e21"},
    {file = "lxml-5.0.0-cp36-cp36m-manylinux_2_17_aarch64.manylinux2014_aarch64.whl", hash = "sha256:88f559f8beb6b90e41a7faae4aca4c8173a4819874a9bf8e74c8d7c1d51f3162"},
    {file = "lxml-5.0.0-cp36-cp36m-manylinux_2_17_x86_64.manylinux2014_x86_64.manylinux_2_24_x86_64.whl", hash = "sha256:e8c63f5c7d87e7044880b01851ac4e863c3349e6f6b6ab456fe218d9346e816d"},
    {file = "lxml-5.0.0-cp36-cp36m-manylinux_2_28_x86_64.whl", hash = "sha256:0d277d4717756fe8816f0beeff229cb72f9dd02a43b70e1d3f07c8efadfb9fe1"},
    {file = "lxml-5.0.0-cp36-cp36m-manylinux_2_5_i686.manylinux1_i686.whl", hash = "sha256:c8954da15403db1acfc0544b3c3f963a6ef4e428283ab6555e3e298bbbff1cf6"},
    {file = "lxml-5.0.0-cp36-cp36m-manylinux_2_5_x86_64.manylinux1_x86_64.whl", hash = "sha256:aebd8fd378e074b22e79cad329dcccd243c40ff1cafaa512d19276c5bb9554e1"},
    {file = "lxml-5.0.0-cp36-cp36m-musllinux_1_1_aarch64.whl", hash = "sha256:b6d4e148edee59c2ad38af15810dbcb8b5d7b13e5de3509d8cf3edfe74c0adca"},
    {file = "lxml-5.0.0-cp36-cp36m-musllinux_1_1_x86_64.whl", hash = "sha256:70ab4e02f7aa5fb4131c8b222a111ce7676f3767e36084fba3a4e7338dc82dcd"},
    {file = "lxml-5.0.0-cp36-cp36m-win32.whl", hash = "sha256:de1a8b54170024cf1c0c2718c82412bca42cd82e390556e3d8031af9541b416f"},
    {file = "lxml-5.0.0-cp36-cp36m-win_amd64.whl", hash = "sha256:5b39f63edbe7e018c2ac1cf0259ee0dd2355274e8a3003d404699b040782e55e"},
    {file = "lxml-5.0.0-cp37-cp37m-manylinux_2_12_i686.manylinux2010_i686.manylinux_2_24_i686.whl", hash = "sha256:77b73952534967a4497d9e4f26fbeebfba19950cbc66b7cc3a706214429d8106"},
    {file = "lxml-5.0.0-cp37-cp37m-manylinux_2_17_aarch64.manylinux2014_aarch64.manylinux_2_24_aarch64.whl", hash = "sha256:8cc0a951e5616ac626f7036309c41fb9774adcd4aa7db0886463da1ce5b65edb"},
    {file = "lxml-5.0.0-cp37-cp37m-manylinux_2_17_x86_64.manylinux2014_x86_64.manylinux_2_24_x86_64.whl", hash = "sha256:4b9d5b01900a760eb3acf6cef50aead4ef2fa79e7ddb927084244e41dfe37b65"},
    {file = "lxml-5.0.0-cp37-cp37m-manylinux_2_28_x86_64.whl", hash = "sha256:173bcead3af5d87c7bca9a030675073ddaad8e0a9f0b04be07cd9390453e7226"},
    {file = "lxml-5.0.0-cp37-cp37m-manylinux_2_5_i686.manylinux1_i686.whl", hash = "sha256:44fa9afd632210f1eeda51cf284ed8dbab0c7ec8b008dd39ba02818e0e114e69"},
    {file = "lxml-5.0.0-cp37-cp37m-manylinux_2_5_x86_64.manylinux1_x86_64.whl", hash = "sha256:fef10f27d6318d2d7c88680e113511ddecf09ee4f9559b3623b73ee89fa8f6cc"},
    {file = "lxml-5.0.0-cp37-cp37m-musllinux_1_1_aarch64.whl", hash = "sha256:3663542aee845129a981889c19b366beab0b1dadcf5ca164696aabfe1aa51667"},
    {file = "lxml-5.0.0-cp37-cp37m-musllinux_1_1_x86_64.whl", hash = "sha256:7188495c1bf71bfda87d78ed50601e72d252119ce11710d6e71ff36e35fea5a0"},
    {file = "lxml-5.0.0-cp37-cp37m-win32.whl", hash = "sha256:6a2de85deabf939b0af89e2e1ea46bfb1239545e2da6f8ac96522755a388025f"},
    {file = "lxml-5.0.0-cp37-cp37m-win_amd64.whl", hash = "sha256:ea56825c1e23c9c8ea385a191dac75f9160477057285b88c88736d9305e6118f"},
    {file = "lxml-5.0.0-cp38-cp38-manylinux_2_12_i686.manylinux2010_i686.manylinux_2_24_i686.whl", hash = "sha256:3f908afd0477cace17f941d1b9cfa10b769fe1464770abe4cfb3d9f35378d0f8"},
    {file = "lxml-5.0.0-cp38-cp38-manylinux_2_17_aarch64.manylinux2014_aarch64.manylinux_2_24_aarch64.whl", hash = "sha256:52a9ab31853d3808e7cf0183b3a5f7e8ffd622ea4aee1deb5252dbeaefd5b40d"},
    {file = "lxml-5.0.0-cp38-cp38-manylinux_2_17_x86_64.manylinux2014_x86_64.manylinux_2_24_x86_64.whl", hash = "sha256:c7fe19abb3d3c55a9e65d289b12ad73b3a31a3f0bda3c539a890329ae9973bd6"},
    {file = "lxml-5.0.0-cp38-cp38-manylinux_2_28_x86_64.whl", hash = "sha256:1ef0793e1e2dd221fce7c142177008725680f7b9e4a184ab108d90d5d3ab69b7"},
    {file = "lxml-5.0.0-cp38-cp38-manylinux_2_5_i686.manylinux1_i686.whl", hash = "sha256:581a78f299a9f5448b2c3aea904bfcd17c59bf83016d221d7f93f83633bb2ab2"},
    {file = "lxml-5.0.0-cp38-cp38-manylinux_2_5_x86_64.manylinux1_x86_64.whl", hash = "sha256:affdd833f82334fdb10fc9a1c7b35cdb5a86d0b672b4e14dd542e1fe7bcea894"},
    {file = "lxml-5.0.0-cp38-cp38-musllinux_1_1_aarch64.whl", hash = "sha256:6bba06d8982be0f0f6432d289a8d104417a0ab9ed04114446c4ceb6d4a40c65d"},
    {file = "lxml-5.0.0-cp38-cp38-musllinux_1_1_x86_64.whl", hash = "sha256:80209b31dd3908bc5b014f540fd192c97ea52ab179713a730456c5baf7ce80c1"},
    {file = "lxml-5.0.0-cp38-cp38-win32.whl", hash = "sha256:dac2733fe4e159b0aae0439db6813b7b1d23ff96d0b34c0107b87faf79208c4e"},
    {file = "lxml-5.0.0-cp38-cp38-win_amd64.whl", hash = "sha256:ee60f33456ff34b2dd1d048a740a2572798356208e4c494301c931de3a0ab3a2"},
    {file = "lxml-5.0.0-cp39-cp39-macosx_11_0_x86_64.whl", hash = "sha256:5eff173f0ff408bfa578cbdafd35a7e0ca94d1a9ffe09a8a48e0572d0904d486"},
    {file = "lxml-5.0.0-cp39-cp39-manylinux_2_12_i686.manylinux2010_i686.manylinux_2_24_i686.whl", hash = "sha256:78d6d8e5b54ed89dc0f0901eaaa579c384ad8d59fa43cc7fb06e9bb89115f8f4"},
    {file = "lxml-5.0.0-cp39-cp39-manylinux_2_17_aarch64.manylinux2014_aarch64.manylinux_2_24_aarch64.whl", hash = "sha256:71a7cee869578bc17b18050532bb2f0bc682a7b97dda77041741a1bd2febe6c7"},
    {file = "lxml-5.0.0-cp39-cp39-manylinux_2_17_x86_64.manylinux2014_x86_64.manylinux_2_24_x86_64.whl", hash = "sha256:7df433d08d4587dc3932f7fcfc3194519a6824824104854e76441fd3bc000d29"},
    {file = "lxml-5.0.0-cp39-cp39-manylinux_2_28_x86_64.whl", hash = "sha256:793be9b4945c2dfd69828fb5948d7d9569b78e0599e4a2e88d92affeb0ff3aa3"},
    {file = "lxml-5.0.0-cp39-cp39-manylinux_2_5_i686.manylinux1_i686.whl", hash = "sha256:c7cfb6af73602c8d288581df8a225989d7e9d5aab0a174be0e19fcfa800b6797"},
    {file = "lxml-5.0.0-cp39-cp39-manylinux_2_5_x86_64.manylinux1_x86_64.whl", hash = "sha256:bfdc4668ac56687a89ca3eca44231144a2e9d02ba3b877558db74ba20e2bd9fa"},
    {file = "lxml-5.0.0-cp39-cp39-musllinux_1_1_aarch64.whl", hash = "sha256:2992591e2294bb07faf7f5f6d5cb60710c046404f4bfce09fb488b85d2a8f58f"},
    {file = "lxml-5.0.0-cp39-cp39-musllinux_1_1_x86_64.whl", hash = "sha256:4786b0af7511ea614fd86407a52a7bc161aa5772d311d97df2591ed2351de768"},
    {file = "lxml-5.0.0-cp39-cp39-win32.whl", hash = "sha256:016de3b29a262655fc3d2075dc1b2611f84f4c3d97a71d579c883d45e201eee4"},
    {file = "lxml-5.0.0-cp39-cp39-win_amd64.whl", hash = "sha256:52c0acc2f29b0a204efc11a5ed911a74f50a25eb7d7d5069c2b1fd3b3346ce11"},
    {file = "lxml-5.0.0-pp310-pypy310_pp73-macosx_11_0_x86_64.whl", hash = "sha256:96095bfc0c02072fc89afa67626013a253596ea5118b8a7f4daaae049dafa096"},
    {file = "lxml-5.0.0-pp310-pypy310_pp73-manylinux_2_28_x86_64.whl", hash = "sha256:992029258ed719f130d5a9c443d142c32843046f1263f2c492862b2a853be570"},
    {file = "lxml-5.0.0-pp310-pypy310_pp73-win_amd64.whl", hash = "sha256:db40e85cffd22f7d65dcce30e85af565a66401a6ed22fc0c56ed342cfa4ffc43"},
    {file = "lxml-5.0.0-pp38-pypy38_pp73-macosx_11_0_x86_64.whl", hash = "sha256:cfa8a4cdc3765574b7fd0c7cfa5fbd1e2108014c9dfd299c679e5152bea9a55e"},
    {file = "lxml-5.0.0-pp38-pypy38_pp73-manylinux_2_12_i686.manylinux2010_i686.manylinux_2_24_i686.whl", hash = "sha256:049fef98d02513c34f5babd07569fc1cf1ed14c0f2fbff18fe72597f977ef3c2"},
    {file = "lxml-5.0.0-pp38-pypy38_pp73-manylinux_2_17_x86_64.manylinux2014_x86_64.manylinux_2_24_x86_64.whl", hash = "sha256:a85136d0ee18a41c91cc3e2844c683be0e72e6dda4cb58da9e15fcaef3726af7"},
    {file = "lxml-5.0.0-pp38-pypy38_pp73-manylinux_2_28_x86_64.whl", hash = "sha256:766868f729f3ab84125350f1a0ea2594d8b1628a608a574542a5aff7355b9941"},
    {file = "lxml-5.0.0-pp38-pypy38_pp73-win_amd64.whl", hash = "sha256:99cad5c912f359e59e921689c04e54662cdd80835d80eeaa931e22612f515df7"},
    {file = "lxml-5.0.0-pp39-pypy39_pp73-macosx_11_0_x86_64.whl", hash = "sha256:c90c593aa8dd57d5dab0ef6d7d64af894008971d98e6a41b320fdd75258fbc6e"},
    {file = "lxml-5.0.0-pp39-pypy39_pp73-manylinux_2_12_i686.manylinux2010_i686.manylinux_2_24_i686.whl", hash = "sha256:8134d5441d1ed6a682e3de3d7a98717a328dce619ee9c4c8b3b91f0cb0eb3e28"},
    {file = "lxml-5.0.0-pp39-pypy39_pp73-manylinux_2_17_x86_64.manylinux2014_x86_64.manylinux_2_24_x86_64.whl", hash = "sha256:f298ac9149037d6a3d5c74991bded39ac46292520b9c7c182cb102486cc87677"},
    {file = "lxml-5.0.0-pp39-pypy39_pp73-manylinux_2_28_x86_64.whl", hash = "sha256:894c5f71186b410679aaab5774543fcb9cbabe8893f0b31d11cf28a0740e80be"},
    {file = "lxml-5.0.0-pp39-pypy39_pp73-win_amd64.whl", hash = "sha256:9cd3d6c2c67d4fdcd795e4945e2ba5434909c96640b4cc09453bd0dc7e8e1bac"},
    {file = "lxml-5.0.0.zip", hash = "sha256:2219cbf790e701acf9a21a31ead75f983e73daf0eceb9da6990212e4d20ebefe"},
]

[package.extras]
cssselect = ["cssselect (>=0.7)"]
html5 = ["html5lib"]
htmlsoup = ["BeautifulSoup4"]
source = ["Cython (>=3.0.7)"]

[[package]]
name = "packaging"
version = "23.2"
description = "Core utilities for Python packages"
optional = false
python-versions = ">=3.7"
files = [
    {file = "packaging-23.2-py3-none-any.whl", hash = "sha256:8c491190033a9af7e1d931d0b5dacc2ef47509b34dd0de67ed209b5203fc88c7"},
    {file = "packaging-23.2.tar.gz", hash = "sha256:048fb0e9405036518eaaf48a55953c750c11e1a1b68e0dd1a9d62ed0c092cfc5"},
]

[[package]]
name = "pillow"
version = "10.1.0"
description = "Python Imaging Library (Fork)"
optional = false
python-versions = ">=3.8"
files = [
    {file = "Pillow-10.1.0-cp310-cp310-macosx_10_10_x86_64.whl", hash = "sha256:1ab05f3db77e98f93964697c8efc49c7954b08dd61cff526b7f2531a22410106"},
    {file = "Pillow-10.1.0-cp310-cp310-macosx_11_0_arm64.whl", hash = "sha256:6932a7652464746fcb484f7fc3618e6503d2066d853f68a4bd97193a3996e273"},
    {file = "Pillow-10.1.0-cp310-cp310-manylinux_2_17_aarch64.manylinux2014_aarch64.whl", hash = "sha256:a5f63b5a68daedc54c7c3464508d8c12075e56dcfbd42f8c1bf40169061ae666"},
    {file = "Pillow-10.1.0-cp310-cp310-manylinux_2_17_x86_64.manylinux2014_x86_64.whl", hash = "sha256:c0949b55eb607898e28eaccb525ab104b2d86542a85c74baf3a6dc24002edec2"},
    {file = "Pillow-10.1.0-cp310-cp310-manylinux_2_28_aarch64.whl", hash = "sha256:ae88931f93214777c7a3aa0a8f92a683f83ecde27f65a45f95f22d289a69e593"},
    {file = "Pillow-10.1.0-cp310-cp310-manylinux_2_28_x86_64.whl", hash = "sha256:b0eb01ca85b2361b09480784a7931fc648ed8b7836f01fb9241141b968feb1db"},
    {file = "Pillow-10.1.0-cp310-cp310-musllinux_1_1_aarch64.whl", hash = "sha256:d27b5997bdd2eb9fb199982bb7eb6164db0426904020dc38c10203187ae2ff2f"},
    {file = "Pillow-10.1.0-cp310-cp310-musllinux_1_1_x86_64.whl", hash = "sha256:7df5608bc38bd37ef585ae9c38c9cd46d7c81498f086915b0f97255ea60c2818"},
    {file = "Pillow-10.1.0-cp310-cp310-win_amd64.whl", hash = "sha256:41f67248d92a5e0a2076d3517d8d4b1e41a97e2df10eb8f93106c89107f38b57"},
    {file = "Pillow-10.1.0-cp311-cp311-macosx_10_10_x86_64.whl", hash = "sha256:1fb29c07478e6c06a46b867e43b0bcdb241b44cc52be9bc25ce5944eed4648e7"},
    {file = "Pillow-10.1.0-cp311-cp311-macosx_11_0_arm64.whl", hash = "sha256:2cdc65a46e74514ce742c2013cd4a2d12e8553e3a2563c64879f7c7e4d28bce7"},
    {file = "Pillow-10.1.0-cp311-cp311-manylinux_2_17_aarch64.manylinux2014_aarch64.whl", hash = "sha256:50d08cd0a2ecd2a8657bd3d82c71efd5a58edb04d9308185d66c3a5a5bed9610"},
    {file = "Pillow-10.1.0-cp311-cp311-manylinux_2_17_x86_64.manylinux2014_x86_64.whl", hash = "sha256:062a1610e3bc258bff2328ec43f34244fcec972ee0717200cb1425214fe5b839"},
    {file = "Pillow-10.1.0-cp311-cp311-manylinux_2_28_aarch64.whl", hash = "sha256:61f1a9d247317fa08a308daaa8ee7b3f760ab1809ca2da14ecc88ae4257d6172"},
    {file = "Pillow-10.1.0-cp311-cp311-manylinux_2_28_x86_64.whl", hash = "sha256:a646e48de237d860c36e0db37ecaecaa3619e6f3e9d5319e527ccbc8151df061"},
    {file = "Pillow-10.1.0-cp311-cp311-musllinux_1_1_aarch64.whl", hash = "sha256:47e5bf85b80abc03be7455c95b6d6e4896a62f6541c1f2ce77a7d2bb832af262"},
    {file = "Pillow-10.1.0-cp311-cp311-musllinux_1_1_x86_64.whl", hash = "sha256:a92386125e9ee90381c3369f57a2a50fa9e6aa8b1cf1d9c4b200d41a7dd8e992"},
    {file = "Pillow-10.1.0-cp311-cp311-win_amd64.whl", hash = "sha256:0f7c276c05a9767e877a0b4c5050c8bee6a6d960d7f0c11ebda6b99746068c2a"},
    {file = "Pillow-10.1.0-cp312-cp312-macosx_10_10_x86_64.whl", hash = "sha256:a89b8312d51715b510a4fe9fc13686283f376cfd5abca8cd1c65e4c76e21081b"},
    {file = "Pillow-10.1.0-cp312-cp312-macosx_11_0_arm64.whl", hash = "sha256:00f438bb841382b15d7deb9a05cc946ee0f2c352653c7aa659e75e592f6fa17d"},
    {file = "Pillow-10.1.0-cp312-cp312-manylinux_2_17_aarch64.manylinux2014_aarch64.whl", hash = "sha256:3d929a19f5469b3f4df33a3df2983db070ebb2088a1e145e18facbc28cae5b27"},
    {file = "Pillow-10.1.0-cp312-cp312-manylinux_2_17_x86_64.manylinux2014_x86_64.whl", hash = "sha256:9a92109192b360634a4489c0c756364c0c3a2992906752165ecb50544c251312"},
    {file = "Pillow-10.1.0-cp312-cp312-manylinux_2_28_aarch64.whl", hash = "sha256:0248f86b3ea061e67817c47ecbe82c23f9dd5d5226200eb9090b3873d3ca32de"},
    {file = "Pillow-10.1.0-cp312-cp312-manylinux_2_28_x86_64.whl", hash = "sha256:9882a7451c680c12f232a422730f986a1fcd808da0fd428f08b671237237d651"},
    {file = "Pillow-10.1.0-cp312-cp312-musllinux_1_1_aarch64.whl", hash = "sha256:1c3ac5423c8c1da5928aa12c6e258921956757d976405e9467c5f39d1d577a4b"},
    {file = "Pillow-10.1.0-cp312-cp312-musllinux_1_1_x86_64.whl", hash = "sha256:806abdd8249ba3953c33742506fe414880bad78ac25cc9a9b1c6ae97bedd573f"},
    {file = "Pillow-10.1.0-cp312-cp312-win_amd64.whl", hash = "sha256:eaed6977fa73408b7b8a24e8b14e59e1668cfc0f4c40193ea7ced8e210adf996"},
    {file = "Pillow-10.1.0-cp38-cp38-macosx_10_10_x86_64.whl", hash = "sha256:fe1e26e1ffc38be097f0ba1d0d07fcade2bcfd1d023cda5b29935ae8052bd793"},
    {file = "Pillow-10.1.0-cp38-cp38-macosx_11_0_arm64.whl", hash = "sha256:7a7e3daa202beb61821c06d2517428e8e7c1aab08943e92ec9e5755c2fc9ba5e"},
    {file = "Pillow-10.1.0-cp38-cp38-manylinux_2_17_aarch64.manylinux2014_aarch64.whl", hash = "sha256:24fadc71218ad2b8ffe437b54876c9382b4a29e030a05a9879f615091f42ffc2"},
    {file = "Pillow-10.1.0-cp38-cp38-manylinux_2_17_x86_64.manylinux2014_x86_64.whl", hash = "sha256:fa1d323703cfdac2036af05191b969b910d8f115cf53093125e4058f62012c9a"},
    {file = "Pillow-10.1.0-cp38-cp38-manylinux_2_28_aarch64.whl", hash = "sha256:912e3812a1dbbc834da2b32299b124b5ddcb664ed354916fd1ed6f193f0e2d01"},
    {file = "Pillow-10.1.0-cp38-cp38-manylinux_2_28_x86_64.whl", hash = "sha256:7dbaa3c7de82ef37e7708521be41db5565004258ca76945ad74a8e998c30af8d"},
    {file = "Pillow-10.1.0-cp38-cp38-musllinux_1_1_aarch64.whl", hash = "sha256:9d7bc666bd8c5a4225e7ac71f2f9d12466ec555e89092728ea0f5c0c2422ea80"},
    {file = "Pillow-10.1.0-cp38-cp38-musllinux_1_1_x86_64.whl", hash = "sha256:baada14941c83079bf84c037e2d8b7506ce201e92e3d2fa0d1303507a8538212"},
    {file = "Pillow-10.1.0-cp38-cp38-win_amd64.whl", hash = "sha256:2ef6721c97894a7aa77723740a09547197533146fba8355e86d6d9a4a1056b14"},
    {file = "Pillow-10.1.0-cp39-cp39-macosx_10_10_x86_64.whl", hash = "sha256:0a026c188be3b443916179f5d04548092e253beb0c3e2ee0a4e2cdad72f66099"},
    {file = "Pillow-10.1.0-cp39-cp39-macosx_11_0_arm64.whl", hash = "sha256:04f6f6149f266a100374ca3cc368b67fb27c4af9f1cc8cb6306d849dcdf12616"},
    {file = "Pillow-10.1.0-cp39-cp39-manylinux_2_17_aarch64.manylinux2014_aarch64.whl", hash = "sha256:bb40c011447712d2e19cc261c82655f75f32cb724788df315ed992a4d65696bb"},
    {file = "Pillow-10.1.0-cp39-cp39-manylinux_2_17_x86_64.manylinux2014_x86_64.whl", hash = "sha256:1a8413794b4ad9719346cd9306118450b7b00d9a15846451549314a58ac42219"},
    {file = "Pillow-10.1.0-cp39-cp39-manylinux_2_28_aarch64.whl", hash = "sha256:c9aeea7b63edb7884b031a35305629a7593272b54f429a9869a4f63a1bf04c34"},
    {file = "Pillow-10.1.0-cp39-cp39-manylinux_2_28_x86_64.whl", hash = "sha256:b4005fee46ed9be0b8fb42be0c20e79411533d1fd58edabebc0dd24626882cfd"},
    {file = "Pillow-10.1.0-cp39-cp39-musllinux_1_1_aarch64.whl", hash = "sha256:4d0152565c6aa6ebbfb1e5d8624140a440f2b99bf7afaafbdbf6430426497f28"},
    {file = "Pillow-10.1.0-cp39-cp39-musllinux_1_1_x86_64.whl", hash = "sha256:d921bc90b1defa55c9917ca6b6b71430e4286fc9e44c55ead78ca1a9f9eba5f2"},
    {file = "Pillow-10.1.0-cp39-cp39-win_amd64.whl", hash = "sha256:cfe96560c6ce2f4c07d6647af2d0f3c54cc33289894ebd88cfbb3bcd5391e256"},
    {file = "Pillow-10.1.0-pp310-pypy310_pp73-macosx_10_10_x86_64.whl", hash = "sha256:937bdc5a7f5343d1c97dc98149a0be7eb9704e937fe3dc7140e229ae4fc572a7"},
    {file = "Pillow-10.1.0-pp310-pypy310_pp73-manylinux_2_17_x86_64.manylinux2014_x86_64.whl", hash = "sha256:b1c25762197144e211efb5f4e8ad656f36c8d214d390585d1d21281f46d556ba"},
    {file = "Pillow-10.1.0-pp310-pypy310_pp73-manylinux_2_28_x86_64.whl", hash = "sha256:afc8eef765d948543a4775f00b7b8c079b3321d6b675dde0d02afa2ee23000b4"},
    {file = "Pillow-10.1.0-pp310-pypy310_pp73-win_amd64.whl", hash = "sha256:883f216eac8712b83a63f41b76ddfb7b2afab1b74abbb413c5df6680f071a6b9"},
    {file = "Pillow-10.1.0-pp39-pypy39_pp73-macosx_10_10_x86_64.whl", hash = "sha256:b920e4d028f6442bea9a75b7491c063f0b9a3972520731ed26c83e254302eb1e"},
    {file = "Pillow-10.1.0-pp39-pypy39_pp73-manylinux_2_17_x86_64.manylinux2014_x86_64.whl", hash = "sha256:1c41d960babf951e01a49c9746f92c5a7e0d939d1652d7ba30f6b3090f27e412"},
    {file = "Pillow-10.1.0-pp39-pypy39_pp73-manylinux_2_28_x86_64.whl", hash = "sha256:1fafabe50a6977ac70dfe829b2d5735fd54e190ab55259ec8aea4aaea412fa0b"},
    {file = "Pillow-10.1.0-pp39-pypy39_pp73-win_amd64.whl", hash = "sha256:3b834f4b16173e5b92ab6566f0473bfb09f939ba14b23b8da1f54fa63e4b623f"},
    {file = "Pillow-10.1.0.tar.gz", hash = "sha256:e6bf8de6c36ed96c86ea3b6e1d5273c53f46ef518a062464cd7ef5dd2cf92e38"},
]

[package.extras]
docs = ["furo", "olefile", "sphinx (>=2.4)", "sphinx-copybutton", "sphinx-inline-tabs", "sphinx-removed-in", "sphinxext-opengraph"]
tests = ["check-manifest", "coverage", "defusedxml", "markdown2", "olefile", "packaging", "pyroma", "pytest", "pytest-cov", "pytest-timeout"]

[[package]]
name = "pluggy"
version = "1.3.0"
description = "plugin and hook calling mechanisms for python"
optional = false
python-versions = ">=3.8"
files = [
    {file = "pluggy-1.3.0-py3-none-any.whl", hash = "sha256:d89c696a773f8bd377d18e5ecda92b7a3793cbe66c87060a6fb58c7b6e1061f7"},
    {file = "pluggy-1.3.0.tar.gz", hash = "sha256:cf61ae8f126ac6f7c451172cf30e3e43d3ca77615509771b3a984a0730651e12"},
]

[package.extras]
dev = ["pre-commit", "tox"]
testing = ["pytest", "pytest-benchmark"]

[[package]]
name = "pytest"
version = "7.4.2"
description = "pytest: simple powerful testing with Python"
optional = false
python-versions = ">=3.7"
files = [
    {file = "pytest-7.4.2-py3-none-any.whl", hash = "sha256:1d881c6124e08ff0a1bb75ba3ec0bfd8b5354a01c194ddd5a0a870a48d99b002"},
    {file = "pytest-7.4.2.tar.gz", hash = "sha256:a766259cfab564a2ad52cb1aae1b881a75c3eb7e34ca3779697c23ed47c47069"},
]

[package.dependencies]
colorama = {version = "*", markers = "sys_platform == \"win32\""}
iniconfig = "*"
packaging = "*"
pluggy = ">=0.12,<2.0"

[package.extras]
testing = ["argcomplete", "attrs (>=19.2.0)", "hypothesis (>=3.56)", "mock", "nose", "pygments (>=2.7.2)", "requests", "setuptools", "xmlschema"]

[[package]]
name = "python-telegram-bot"
version = "20.7"
description = "We have made you a wrapper you can't refuse"
optional = false
python-versions = ">=3.8"
files = [
    {file = "python-telegram-bot-20.7.tar.gz", hash = "sha256:4f146c39de5f5e0b3723c2abedaf78046ebd30a6a49d2281ee4b3af5eb116b68"},
    {file = "python_telegram_bot-20.7-py3-none-any.whl", hash = "sha256:462326c65671c8c39e76c8c96756ee918be6797d225f8db84d2ec0f883383b8c"},
]

[package.dependencies]
httpx = ">=0.25.2,<0.26.0"

[package.extras]
all = ["APScheduler (>=3.10.4,<3.11.0)", "aiolimiter (>=1.1.0,<1.2.0)", "cachetools (>=5.3.2,<5.4.0)", "cryptography (>=39.0.1)", "httpx[http2]", "httpx[socks]", "pytz (>=2018.6)", "tornado (>=6.3.3,<6.4.0)"]
callback-data = ["cachetools (>=5.3.2,<5.4.0)"]
ext = ["APScheduler (>=3.10.4,<3.11.0)", "aiolimiter (>=1.1.0,<1.2.0)", "cachetools (>=5.3.2,<5.4.0)", "pytz (>=2018.6)", "tornado (>=6.3.3,<6.4.0)"]
http2 = ["httpx[http2]"]
job-queue = ["APScheduler (>=3.10.4,<3.11.0)", "pytz (>=2018.6)"]
passport = ["cryptography (>=39.0.1)"]
rate-limiter = ["aiolimiter (>=1.1.0,<1.2.0)"]
socks = ["httpx[socks]"]
webhooks = ["tornado (>=6.3.3,<6.4.0)"]

[[package]]
name = "ruff"
version = "0.1.11"
description = "An extremely fast Python linter and code formatter, written in Rust."
optional = false
python-versions = ">=3.7"
files = [
    {file = "ruff-0.1.11-py3-none-macosx_10_12_x86_64.macosx_11_0_arm64.macosx_10_12_universal2.whl", hash = "sha256:a7f772696b4cdc0a3b2e527fc3c7ccc41cdcb98f5c80fdd4f2b8c50eb1458196"},
    {file = "ruff-0.1.11-py3-none-macosx_10_12_x86_64.whl", hash = "sha256:934832f6ed9b34a7d5feea58972635c2039c7a3b434fe5ba2ce015064cb6e955"},
    {file = "ruff-0.1.11-py3-none-manylinux_2_17_aarch64.manylinux2014_aarch64.whl", hash = "sha256:ea0d3e950e394c4b332bcdd112aa566010a9f9c95814844a7468325290aabfd9"},
    {file = "ruff-0.1.11-py3-none-manylinux_2_17_armv7l.manylinux2014_armv7l.whl", hash = "sha256:9bd4025b9c5b429a48280785a2b71d479798a69f5c2919e7d274c5f4b32c3607"},
    {file = "ruff-0.1.11-py3-none-manylinux_2_17_i686.manylinux2014_i686.whl", hash = "sha256:e1ad00662305dcb1e987f5ec214d31f7d6a062cae3e74c1cbccef15afd96611d"},
    {file = "ruff-0.1.11-py3-none-manylinux_2_17_ppc64.manylinux2014_ppc64.whl", hash = "sha256:4b077ce83f47dd6bea1991af08b140e8b8339f0ba8cb9b7a484c30ebab18a23f"},
    {file = "ruff-0.1.11-py3-none-manylinux_2_17_ppc64le.manylinux2014_ppc64le.whl", hash = "sha256:c4a88efecec23c37b11076fe676e15c6cdb1271a38f2b415e381e87fe4517f18"},
    {file = "ruff-0.1.11-py3-none-manylinux_2_17_s390x.manylinux2014_s390x.whl", hash = "sha256:5b25093dad3b055667730a9b491129c42d45e11cdb7043b702e97125bcec48a1"},
    {file = "ruff-0.1.11-py3-none-manylinux_2_17_x86_64.manylinux2014_x86_64.whl", hash = "sha256:231d8fb11b2cc7c0366a326a66dafc6ad449d7fcdbc268497ee47e1334f66f77"},
    {file = "ruff-0.1.11-py3-none-musllinux_1_2_aarch64.whl", hash = "sha256:09c415716884950080921dd6237767e52e227e397e2008e2bed410117679975b"},
    {file = "ruff-0.1.11-py3-none-musllinux_1_2_armv7l.whl", hash = "sha256:0f58948c6d212a6b8d41cd59e349751018797ce1727f961c2fa755ad6208ba45"},
    {file = "ruff-0.1.11-py3-none-musllinux_1_2_i686.whl", hash = "sha256:190a566c8f766c37074d99640cd9ca3da11d8deae2deae7c9505e68a4a30f740"},
    {file = "ruff-0.1.11-py3-none-musllinux_1_2_x86_64.whl", hash = "sha256:6464289bd67b2344d2a5d9158d5eb81025258f169e69a46b741b396ffb0cda95"},
    {file = "ruff-0.1.11-py3-none-win32.whl", hash = "sha256:9b8f397902f92bc2e70fb6bebfa2139008dc72ae5177e66c383fa5426cb0bf2c"},
    {file = "ruff-0.1.11-py3-none-win_amd64.whl", hash = "sha256:eb85ee287b11f901037a6683b2374bb0ec82928c5cbc984f575d0437979c521a"},
    {file = "ruff-0.1.11-py3-none-win_arm64.whl", hash = "sha256:97ce4d752f964ba559c7023a86e5f8e97f026d511e48013987623915431c7ea9"},
    {file = "ruff-0.1.11.tar.gz", hash = "sha256:f9d4d88cb6eeb4dfe20f9f0519bd2eaba8119bde87c3d5065c541dbae2b5a2cb"},
]

[[package]]
name = "sniffio"
version = "1.3.0"
description = "Sniff out which async library your code is running under"
optional = false
python-versions = ">=3.7"
files = [
    {file = "sniffio-1.3.0-py3-none-any.whl", hash = "sha256:eecefdce1e5bbfb7ad2eeaabf7c1eeb404d7757c379bd1f7e5cce9d8bf425384"},
    {file = "sniffio-1.3.0.tar.gz", hash = "sha256:e60305c5e5d314f5389259b7f22aaa33d8f7dee49763119234af3755c55b9101"},
]

[metadata]
lock-version = "2.0"
python-versions = "3.11.*"
content-hash = "d3ac18f642e6d4d026df3071970d3925b2399c7b3e33177ab4b3700586f55d19"
