# This file is automatically @generated by Poetry 2.1.1 and should not be changed by hand.

[[package]]
name = "anyio"
version = "4.4.0"
description = "High level compatibility layer for multiple asynchronous event loop implementations"
optional = false
python-versions = ">=3.8"
groups = ["main"]
files = [
    {file = "anyio-4.4.0-py3-none-any.whl", hash = "sha256:c1b2d8f46a8a812513012e1107cb0e68c17159a7a594208005a57dc776e1bdc7"},
    {file = "anyio-4.4.0.tar.gz", hash = "sha256:5aadc6a1bbb7cdb0bede386cac5e2940f5e2ff3aa20277e991cf028e0585ce94"},
]

[package.dependencies]
idna = ">=2.8"
sniffio = ">=1.1"

[package.extras]
doc = ["Sphinx (>=7)", "packaging", "sphinx-autodoc-typehints (>=1.2.0)", "sphinx-rtd-theme"]
test = ["anyio[trio]", "coverage[toml] (>=7)", "exceptiongroup (>=1.2.0)", "hypothesis (>=4.0)", "psutil (>=5.9)", "pytest (>=7.0)", "pytest-mock (>=3.6.1)", "trustme", "uvloop (>=0.17) ; platform_python_implementation == \"CPython\" and platform_system != \"Windows\""]
trio = ["trio (>=0.23)"]

[[package]]
name = "certifi"
version = "2024.7.4"
description = "Python package for providing Mozilla's CA Bundle."
optional = false
python-versions = ">=3.6"
groups = ["main"]
files = [
    {file = "certifi-2024.7.4-py3-none-any.whl", hash = "sha256:c198e21b1289c2ab85ee4e67bb4b4ef3ead0892059901a8d5b622f24a1101e90"},
    {file = "certifi-2024.7.4.tar.gz", hash = "sha256:5a1e7645bc0ec61a09e26c36f6106dd4cf40c6db3a1fb6352b0244e7fb057c7b"},
]

[[package]]
name = "click"
version = "8.1.8"
description = "Composable command line interface toolkit"
optional = false
python-versions = ">=3.7"
groups = ["main"]
files = [
    {file = "click-8.1.8-py3-none-any.whl", hash = "sha256:63c132bbbed01578a06712a2d1f497bb62d9c1c0d329b7903a866228027263b2"},
    {file = "click-8.1.8.tar.gz", hash = "sha256:ed53c9d8990d83c2a27deae68e4ee337473f6330c040a31d4225c9574d16096a"},
]

[package.dependencies]
colorama = {version = "*", markers = "platform_system == \"Windows\""}

[[package]]
name = "colorama"
version = "0.4.6"
description = "Cross-platform colored terminal text."
optional = false
python-versions = "!=3.0.*,!=3.1.*,!=3.2.*,!=3.3.*,!=3.4.*,!=3.5.*,!=3.6.*,>=2.7"
groups = ["main", "dev"]
files = [
    {file = "colorama-0.4.6-py2.py3-none-any.whl", hash = "sha256:4f1d9991f5acc0ca119f9d443620b77f9d6b33703e51011c16baf57afb285fc6"},
    {file = "colorama-0.4.6.tar.gz", hash = "sha256:08695f5cb7ed6e0531a20572697297273c47b8cae5a63ffc6d6ed5c201be6e44"},
]
markers = {main = "platform_system == \"Windows\"", dev = "sys_platform == \"win32\""}

[[package]]
name = "cssselect"
version = "1.3.0"
description = "cssselect parses CSS3 Selectors and translates them to XPath 1.0"
optional = false
python-versions = ">=3.9"
groups = ["main"]
files = [
    {file = "cssselect-1.3.0-py3-none-any.whl", hash = "sha256:56d1bf3e198080cc1667e137bc51de9cadfca259f03c2d4e09037b3e01e30f0d"},
    {file = "cssselect-1.3.0.tar.gz", hash = "sha256:57f8a99424cfab289a1b6a816a43075a4b00948c86b4dcf3ef4ee7e15f7ab0c7"},
]

[[package]]
name = "h11"
version = "0.14.0"
description = "A pure-Python, bring-your-own-I/O implementation of HTTP/1.1"
optional = false
python-versions = ">=3.7"
groups = ["main"]
files = [
    {file = "h11-0.14.0-py3-none-any.whl", hash = "sha256:e3fe4ac4b851c468cc8363d500db52c2ead036020723024a109d37346efaa761"},
    {file = "h11-0.14.0.tar.gz", hash = "sha256:8f19fbbe99e72420ff35c00b27a34cb9937e902a8b810e2c88300c6f0a3b699d"},
]

[[package]]
name = "h2"
version = "4.1.0"
description = "HTTP/2 State-Machine based protocol implementation"
optional = false
python-versions = ">=3.6.1"
groups = ["main"]
files = [
    {file = "h2-4.1.0-py3-none-any.whl", hash = "sha256:03a46bcf682256c95b5fd9e9a99c1323584c3eec6440d379b9903d709476bc6d"},
    {file = "h2-4.1.0.tar.gz", hash = "sha256:a83aca08fbe7aacb79fec788c9c0bac936343560ed9ec18b82a13a12c28d2abb"},
]

[package.dependencies]
hpack = ">=4.0,<5"
hyperframe = ">=6.0,<7"

[[package]]
name = "hpack"
version = "4.0.0"
description = "Pure-Python HPACK header compression"
optional = false
python-versions = ">=3.6.1"
groups = ["main"]
files = [
    {file = "hpack-4.0.0-py3-none-any.whl", hash = "sha256:84a076fad3dc9a9f8063ccb8041ef100867b1878b25ef0ee63847a5d53818a6c"},
    {file = "hpack-4.0.0.tar.gz", hash = "sha256:fc41de0c63e687ebffde81187a948221294896f6bdc0ae2312708df339430095"},
]

[[package]]
name = "httpcore"
version = "1.0.5"
description = "A minimal low-level HTTP client."
optional = false
python-versions = ">=3.8"
groups = ["main"]
files = [
    {file = "httpcore-1.0.5-py3-none-any.whl", hash = "sha256:421f18bac248b25d310f3cacd198d55b8e6125c107797b609ff9b7a6ba7991b5"},
    {file = "httpcore-1.0.5.tar.gz", hash = "sha256:34a38e2f9291467ee3b44e89dd52615370e152954ba21721378a87b2960f7a61"},
]

[package.dependencies]
certifi = "*"
h11 = ">=0.13,<0.15"

[package.extras]
asyncio = ["anyio (>=4.0,<5.0)"]
http2 = ["h2 (>=3,<5)"]
socks = ["socksio (==1.*)"]
trio = ["trio (>=0.22.0,<0.26.0)"]

[[package]]
name = "httpx"
version = "0.25.2"
description = "The next generation HTTP client."
optional = false
python-versions = ">=3.8"
groups = ["main"]
files = [
    {file = "httpx-0.25.2-py3-none-any.whl", hash = "sha256:a05d3d052d9b2dfce0e3896636467f8a5342fb2b902c819428e1ac65413ca118"},
    {file = "httpx-0.25.2.tar.gz", hash = "sha256:8b8fcaa0c8ea7b05edd69a094e63a2094c4efcb48129fb757361bc423c0ad9e8"},
]

[package.dependencies]
anyio = "*"
certifi = "*"
h2 = {version = ">=3,<5", optional = true, markers = "extra == \"http2\""}
httpcore = "==1.*"
idna = "*"
sniffio = "*"

[package.extras]
brotli = ["brotli ; platform_python_implementation == \"CPython\"", "brotlicffi ; platform_python_implementation != \"CPython\""]
cli = ["click (==8.*)", "pygments (==2.*)", "rich (>=10,<14)"]
http2 = ["h2 (>=3,<5)"]
socks = ["socksio (==1.*)"]

[[package]]
name = "hyperframe"
version = "6.0.1"
description = "HTTP/2 framing layer for Python"
optional = false
python-versions = ">=3.6.1"
groups = ["main"]
files = [
    {file = "hyperframe-6.0.1-py3-none-any.whl", hash = "sha256:0ec6bafd80d8ad2195c4f03aacba3a8265e57bc4cff261e802bf39970ed02a15"},
    {file = "hyperframe-6.0.1.tar.gz", hash = "sha256:ae510046231dc8e9ecb1a6586f63d2347bf4c8905914aa84ba585ae85f28a914"},
]

[[package]]
name = "idna"
version = "3.7"
description = "Internationalized Domain Names in Applications (IDNA)"
optional = false
python-versions = ">=3.5"
groups = ["main"]
files = [
    {file = "idna-3.7-py3-none-any.whl", hash = "sha256:82fee1fc78add43492d3a1898bfa6d8a904cc97d8427f683ed8e798d07761aa0"},
    {file = "idna-3.7.tar.gz", hash = "sha256:028ff3aadf0609c1fd278d8ea3089299412a7a8b9bd005dd08b9f8285bcb5cfc"},
]

[[package]]
name = "iniconfig"
version = "2.0.0"
description = "brain-dead simple config-ini parsing"
optional = false
python-versions = ">=3.7"
groups = ["dev"]
files = [
    {file = "iniconfig-2.0.0-py3-none-any.whl", hash = "sha256:b6a85871a79d2e3b22d2d1b94ac2824226a63c6b741c88f7ae975f18b6778374"},
    {file = "iniconfig-2.0.0.tar.gz", hash = "sha256:2d91e135bf72d31a410b17c16da610a82cb55f6b0477d1a902134b24a455b8b3"},
]

[[package]]
name = "lxml"
version = "5.3.2"
description = "Powerful and Pythonic XML processing library combining libxml2/libxslt with the ElementTree API."
optional = false
python-versions = ">=3.6"
groups = ["main"]
files = [
    {file = "lxml-5.3.2-cp310-cp310-macosx_10_9_universal2.whl", hash = "sha256:c4b84d6b580a9625dfa47269bf1fd7fbba7ad69e08b16366a46acb005959c395"},
    {file = "lxml-5.3.2-cp310-cp310-macosx_10_9_x86_64.whl", hash = "sha256:b4c08ecb26e4270a62f81f81899dfff91623d349e433b126931c9c4577169666"},
    {file = "lxml-5.3.2-cp310-cp310-manylinux_2_12_i686.manylinux2010_i686.manylinux_2_17_i686.manylinux2014_i686.whl", hash = "sha256:ef926e9f11e307b5a7c97b17c5c609a93fb59ffa8337afac8f89e6fe54eb0b37"},
    {file = "lxml-5.3.2-cp310-cp310-manylinux_2_17_aarch64.manylinux2014_aarch64.whl", hash = "sha256:017ceeabe739100379fe6ed38b033cd244ce2da4e7f6f07903421f57da3a19a2"},
    {file = "lxml-5.3.2-cp310-cp310-manylinux_2_17_ppc64le.manylinux2014_ppc64le.whl", hash = "sha256:dae97d9435dc90590f119d056d233c33006b2fd235dd990d5564992261ee7ae8"},
    {file = "lxml-5.3.2-cp310-cp310-manylinux_2_17_s390x.manylinux2014_s390x.whl", hash = "sha256:910f39425c6798ce63c93976ae5af5fff6949e2cb446acbd44d6d892103eaea8"},
    {file = "lxml-5.3.2-cp310-cp310-manylinux_2_17_x86_64.manylinux2014_x86_64.whl", hash = "sha256:c9780de781a0d62a7c3680d07963db3048b919fc9e3726d9cfd97296a65ffce1"},
    {file = "lxml-5.3.2-cp310-cp310-manylinux_2_28_aarch64.whl", hash = "sha256:1a06b0c6ba2e3ca45a009a78a4eb4d6b63831830c0a83dcdc495c13b9ca97d3e"},
    {file = "lxml-5.3.2-cp310-cp310-manylinux_2_28_ppc64le.whl", hash = "sha256:4c62d0a34d1110769a1bbaf77871a4b711a6f59c4846064ccb78bc9735978644"},
    {file = "lxml-5.3.2-cp310-cp310-manylinux_2_28_s390x.whl", hash = "sha256:8f961a4e82f411b14538fe5efc3e6b953e17f5e809c463f0756a0d0e8039b700"},
    {file = "lxml-5.3.2-cp310-cp310-manylinux_2_28_x86_64.whl", hash = "sha256:3dfc78f5f9251b6b8ad37c47d4d0bfe63ceb073a916e5b50a3bf5fd67a703335"},
    {file = "lxml-5.3.2-cp310-cp310-musllinux_1_2_aarch64.whl", hash = "sha256:10e690bc03214d3537270c88e492b8612d5e41b884f232df2b069b25b09e6711"},
    {file = "lxml-5.3.2-cp310-cp310-musllinux_1_2_ppc64le.whl", hash = "sha256:aa837e6ee9534de8d63bc4c1249e83882a7ac22bd24523f83fad68e6ffdf41ae"},
    {file = "lxml-5.3.2-cp310-cp310-musllinux_1_2_s390x.whl", hash = "sha256:da4c9223319400b97a2acdfb10926b807e51b69eb7eb80aad4942c0516934858"},
    {file = "lxml-5.3.2-cp310-cp310-musllinux_1_2_x86_64.whl", hash = "sha256:dc0e9bdb3aa4d1de703a437576007d366b54f52c9897cae1a3716bb44fc1fc85"},
    {file = "lxml-5.3.2-cp310-cp310-win32.whl", hash = "sha256:5f94909a1022c8ea12711db7e08752ca7cf83e5b57a87b59e8a583c5f35016ad"},
    {file = "lxml-5.3.2-cp310-cp310-win_amd64.whl", hash = "sha256:d64ea1686474074b38da13ae218d9fde0d1dc6525266976808f41ac98d9d7980"},
    {file = "lxml-5.3.2-cp311-cp311-macosx_10_9_universal2.whl", hash = "sha256:9d61a7d0d208ace43986a92b111e035881c4ed45b1f5b7a270070acae8b0bfb4"},
    {file = "lxml-5.3.2-cp311-cp311-macosx_10_9_x86_64.whl", hash = "sha256:856dfd7eda0b75c29ac80a31a6411ca12209183e866c33faf46e77ace3ce8a79"},
    {file = "lxml-5.3.2-cp311-cp311-manylinux_2_12_i686.manylinux2010_i686.manylinux_2_17_i686.manylinux2014_i686.whl", hash = "sha256:7a01679e4aad0727bedd4c9407d4d65978e920f0200107ceeffd4b019bd48529"},
    {file = "lxml-5.3.2-cp311-cp311-manylinux_2_17_aarch64.manylinux2014_aarch64.whl", hash = "sha256:b6b37b4c3acb8472d191816d4582379f64d81cecbdce1a668601745c963ca5cc"},
    {file = "lxml-5.3.2-cp311-cp311-manylinux_2_17_ppc64le.manylinux2014_ppc64le.whl", hash = "sha256:3df5a54e7b7c31755383f126d3a84e12a4e0333db4679462ef1165d702517477"},
    {file = "lxml-5.3.2-cp311-cp311-manylinux_2_17_s390x.manylinux2014_s390x.whl", hash = "sha256:c09a40f28dcded933dc16217d6a092be0cc49ae25811d3b8e937c8060647c353"},
    {file = "lxml-5.3.2-cp311-cp311-manylinux_2_17_x86_64.manylinux2014_x86_64.whl", hash = "sha256:a1ef20f1851ccfbe6c5a04c67ec1ce49da16ba993fdbabdce87a92926e505412"},
    {file = "lxml-5.3.2-cp311-cp311-manylinux_2_28_aarch64.whl", hash = "sha256:f79a63289dbaba964eb29ed3c103b7911f2dce28c36fe87c36a114e6bd21d7ad"},
    {file = "lxml-5.3.2-cp311-cp311-manylinux_2_28_ppc64le.whl", hash = "sha256:75a72697d95f27ae00e75086aed629f117e816387b74a2f2da6ef382b460b710"},
    {file = "lxml-5.3.2-cp311-cp311-manylinux_2_28_s390x.whl", hash = "sha256:b9b00c9ee1cc3a76f1f16e94a23c344e0b6e5c10bec7f94cf2d820ce303b8c01"},
    {file = "lxml-5.3.2-cp311-cp311-manylinux_2_28_x86_64.whl", hash = "sha256:77cbcab50cbe8c857c6ba5f37f9a3976499c60eada1bf6d38f88311373d7b4bc"},
    {file = "lxml-5.3.2-cp311-cp311-musllinux_1_2_aarch64.whl", hash = "sha256:29424058f072a24622a0a15357bca63d796954758248a72da6d512f9bd9a4493"},
    {file = "lxml-5.3.2-cp311-cp311-musllinux_1_2_ppc64le.whl", hash = "sha256:7d82737a8afe69a7c80ef31d7626075cc7d6e2267f16bf68af2c764b45ed68ab"},
    {file = "lxml-5.3.2-cp311-cp311-musllinux_1_2_s390x.whl", hash = "sha256:95473d1d50a5d9fcdb9321fdc0ca6e1edc164dce4c7da13616247d27f3d21e31"},
    {file = "lxml-5.3.2-cp311-cp311-musllinux_1_2_x86_64.whl", hash = "sha256:2162068f6da83613f8b2a32ca105e37a564afd0d7009b0b25834d47693ce3538"},
    {file = "lxml-5.3.2-cp311-cp311-win32.whl", hash = "sha256:f8695752cf5d639b4e981afe6c99e060621362c416058effd5c704bede9cb5d1"},
    {file = "lxml-5.3.2-cp311-cp311-win_amd64.whl", hash = "sha256:d1a94cbb4ee64af3ab386c2d63d6d9e9cf2e256ac0fd30f33ef0a3c88f575174"},
    {file = "lxml-5.3.2-cp312-cp312-macosx_10_9_universal2.whl", hash = "sha256:16b3897691ec0316a1aa3c6585f61c8b7978475587c5b16fc1d2c28d283dc1b0"},
    {file = "lxml-5.3.2-cp312-cp312-macosx_10_9_x86_64.whl", hash = "sha256:a8d4b34a0eeaf6e73169dcfd653c8d47f25f09d806c010daf074fba2db5e2d3f"},
    {file = "lxml-5.3.2-cp312-cp312-manylinux_2_12_i686.manylinux2010_i686.manylinux_2_17_i686.manylinux2014_i686.whl", hash = "sha256:9cd7a959396da425022e1e4214895b5cfe7de7035a043bcc2d11303792b67554"},
    {file = "lxml-5.3.2-cp312-cp312-manylinux_2_17_aarch64.manylinux2014_aarch64.whl", hash = "sha256:cac5eaeec3549c5df7f8f97a5a6db6963b91639389cdd735d5a806370847732b"},
    {file = "lxml-5.3.2-cp312-cp312-manylinux_2_17_ppc64le.manylinux2014_ppc64le.whl", hash = "sha256:29b5f7d77334877c2146e7bb8b94e4df980325fab0a8af4d524e5d43cd6f789d"},
    {file = "lxml-5.3.2-cp312-cp312-manylinux_2_17_s390x.manylinux2014_s390x.whl", hash = "sha256:13f3495cfec24e3d63fffd342cc8141355d1d26ee766ad388775f5c8c5ec3932"},
    {file = "lxml-5.3.2-cp312-cp312-manylinux_2_17_x86_64.manylinux2014_x86_64.whl", hash = "sha256:e70ad4c9658beeff99856926fd3ee5fde8b519b92c693f856007177c36eb2e30"},
    {file = "lxml-5.3.2-cp312-cp312-manylinux_2_28_aarch64.whl", hash = "sha256:507085365783abd7879fa0a6fa55eddf4bdd06591b17a2418403bb3aff8a267d"},
    {file = "lxml-5.3.2-cp312-cp312-manylinux_2_28_ppc64le.whl", hash = "sha256:5bb304f67cbf5dfa07edad904732782cbf693286b9cd85af27059c5779131050"},
    {file = "lxml-5.3.2-cp312-cp312-manylinux_2_28_s390x.whl", hash = "sha256:3d84f5c093645c21c29a4e972b84cb7cf682f707f8706484a5a0c7ff13d7a988"},
    {file = "lxml-5.3.2-cp312-cp312-manylinux_2_28_x86_64.whl", hash = "sha256:bdc13911db524bd63f37b0103af014b7161427ada41f1b0b3c9b5b5a9c1ca927"},
    {file = "lxml-5.3.2-cp312-cp312-musllinux_1_2_aarch64.whl", hash = "sha256:1ec944539543f66ebc060ae180d47e86aca0188bda9cbfadff47d86b0dc057dc"},
    {file = "lxml-5.3.2-cp312-cp312-musllinux_1_2_ppc64le.whl", hash = "sha256:59d437cc8a7f838282df5a199cf26f97ef08f1c0fbec6e84bd6f5cc2b7913f6e"},
    {file = "lxml-5.3.2-cp312-cp312-musllinux_1_2_s390x.whl", hash = "sha256:0e275961adbd32e15672e14e0cc976a982075208224ce06d149c92cb43db5b93"},
    {file = "lxml-5.3.2-cp312-cp312-musllinux_1_2_x86_64.whl", hash = "sha256:038aeb6937aa404480c2966b7f26f1440a14005cb0702078c173c028eca72c31"},
    {file = "lxml-5.3.2-cp312-cp312-win32.whl", hash = "sha256:3c2c8d0fa3277147bff180e3590be67597e17d365ce94beb2efa3138a2131f71"},
    {file = "lxml-5.3.2-cp312-cp312-win_amd64.whl", hash = "sha256:77809fcd97dfda3f399102db1794f7280737b69830cd5c961ac87b3c5c05662d"},
    {file = "lxml-5.3.2-cp313-cp313-macosx_10_13_universal2.whl", hash = "sha256:77626571fb5270ceb36134765f25b665b896243529eefe840974269b083e090d"},
    {file = "lxml-5.3.2-cp313-cp313-macosx_10_13_x86_64.whl", hash = "sha256:78a533375dc7aa16d0da44af3cf6e96035e484c8c6b2b2445541a5d4d3d289ee"},
    {file = "lxml-5.3.2-cp313-cp313-manylinux_2_12_i686.manylinux2010_i686.manylinux_2_17_i686.manylinux2014_i686.whl", hash = "sha256:a6f62b2404b3f3f0744bbcabb0381c5fe186fa2a9a67ecca3603480f4846c585"},
    {file = "lxml-5.3.2-cp313-cp313-manylinux_2_17_aarch64.manylinux2014_aarch64.whl", hash = "sha256:2ea918da00091194526d40c30c4996971f09dacab032607581f8d8872db34fbf"},
    {file = "lxml-5.3.2-cp313-cp313-manylinux_2_17_ppc64le.manylinux2014_ppc64le.whl", hash = "sha256:c35326f94702a7264aa0eea826a79547d3396a41ae87a70511b9f6e9667ad31c"},
    {file = "lxml-5.3.2-cp313-cp313-manylinux_2_17_s390x.manylinux2014_s390x.whl", hash = "sha256:e3bef90af21d31c4544bc917f51e04f94ae11b43156356aff243cdd84802cbf2"},
    {file = "lxml-5.3.2-cp313-cp313-manylinux_2_17_x86_64.manylinux2014_x86_64.whl", hash = "sha256:52fa7ba11a495b7cbce51573c73f638f1dcff7b3ee23697467dc063f75352a69"},
    {file = "lxml-5.3.2-cp313-cp313-manylinux_2_28_aarch64.whl", hash = "sha256:ad131e2c4d2c3803e736bb69063382334e03648de2a6b8f56a878d700d4b557d"},
    {file = "lxml-5.3.2-cp313-cp313-manylinux_2_28_ppc64le.whl", hash = "sha256:00a4463ca409ceacd20490a893a7e08deec7870840eff33dc3093067b559ce3e"},
    {file = "lxml-5.3.2-cp313-cp313-manylinux_2_28_s390x.whl", hash = "sha256:87e8d78205331cace2b73ac8249294c24ae3cba98220687b5b8ec5971a2267f1"},
    {file = "lxml-5.3.2-cp313-cp313-manylinux_2_28_x86_64.whl", hash = "sha256:bf6389133bb255e530a4f2f553f41c4dd795b1fbb6f797aea1eff308f1e11606"},
    {file = "lxml-5.3.2-cp313-cp313-musllinux_1_2_aarch64.whl", hash = "sha256:b3709fc752b42fb6b6ffa2ba0a5b9871646d97d011d8f08f4d5b3ee61c7f3b2b"},
    {file = "lxml-5.3.2-cp313-cp313-musllinux_1_2_ppc64le.whl", hash = "sha256:abc795703d0de5d83943a4badd770fbe3d1ca16ee4ff3783d7caffc252f309ae"},
    {file = "lxml-5.3.2-cp313-cp313-musllinux_1_2_s390x.whl", hash = "sha256:98050830bb6510159f65d9ad1b8aca27f07c01bb3884ba95f17319ccedc4bcf9"},
    {file = "lxml-5.3.2-cp313-cp313-musllinux_1_2_x86_64.whl", hash = "sha256:6ba465a91acc419c5682f8b06bcc84a424a7aa5c91c220241c6fd31de2a72bc6"},
    {file = "lxml-5.3.2-cp313-cp313-win32.whl", hash = "sha256:56a1d56d60ea1ec940f949d7a309e0bff05243f9bd337f585721605670abb1c1"},
    {file = "lxml-5.3.2-cp313-cp313-win_amd64.whl", hash = "sha256:1a580dc232c33d2ad87d02c8a3069d47abbcdce974b9c9cc82a79ff603065dbe"},
    {file = "lxml-5.3.2-cp36-cp36m-macosx_10_9_x86_64.whl", hash = "sha256:1a59f7fe888d0ec1916d0ad69364c5400cfa2f885ae0576d909f342e94d26bc9"},
    {file = "lxml-5.3.2-cp36-cp36m-manylinux_2_12_i686.manylinux2010_i686.manylinux_2_17_i686.manylinux2014_i686.whl", hash = "sha256:d67b50abc2df68502a26ed2ccea60c1a7054c289fb7fc31c12e5e55e4eec66bd"},
    {file = "lxml-5.3.2-cp36-cp36m-manylinux_2_17_x86_64.manylinux2014_x86_64.whl", hash = "sha256:2cb08d2cb047c98d6fbbb2e77d6edd132ad6e3fa5aa826ffa9ea0c9b1bc74a84"},
    {file = "lxml-5.3.2-cp36-cp36m-manylinux_2_28_x86_64.whl", hash = "sha256:495ddb7e10911fb4d673d8aa8edd98d1eadafb3b56e8c1b5f427fd33cadc455b"},
    {file = "lxml-5.3.2-cp36-cp36m-manylinux_2_5_x86_64.manylinux1_x86_64.whl", hash = "sha256:884d9308ac7d581b705a3371185282e1b8eebefd68ccf288e00a2d47f077cc51"},
    {file = "lxml-5.3.2-cp36-cp36m-musllinux_1_2_x86_64.whl", hash = "sha256:37f3d7cf7f2dd2520df6cc8a13df4c3e3f913c8e0a1f9a875e44f9e5f98d7fee"},
    {file = "lxml-5.3.2-cp36-cp36m-win32.whl", hash = "sha256:e885a1bf98a76dff0a0648850c3083b99d9358ef91ba8fa307c681e8e0732503"},
    {file = "lxml-5.3.2-cp36-cp36m-win_amd64.whl", hash = "sha256:b45f505d0d85f4cdd440cd7500689b8e95110371eaa09da0c0b1103e9a05030f"},
    {file = "lxml-5.3.2-cp37-cp37m-macosx_10_9_x86_64.whl", hash = "sha256:b53cd668facd60b4f0dfcf092e01bbfefd88271b5b4e7b08eca3184dd006cb30"},
    {file = "lxml-5.3.2-cp37-cp37m-manylinux_2_12_i686.manylinux2010_i686.manylinux_2_17_i686.manylinux2014_i686.whl", hash = "sha256:e5dea998c891f082fe204dec6565dbc2f9304478f2fc97bd4d7a940fec16c873"},
    {file = "lxml-5.3.2-cp37-cp37m-manylinux_2_17_aarch64.manylinux2014_aarch64.whl", hash = "sha256:d46bc3e58b01e4f38d75e0d7f745a46875b7a282df145aca9d1479c65ff11561"},
    {file = "lxml-5.3.2-cp37-cp37m-manylinux_2_17_x86_64.manylinux2014_x86_64.whl", hash = "sha256:661feadde89159fd5f7d7639a81ccae36eec46974c4a4d5ccce533e2488949c8"},
    {file = "lxml-5.3.2-cp37-cp37m-manylinux_2_28_aarch64.whl", hash = "sha256:43af2a69af2cacc2039024da08a90174e85f3af53483e6b2e3485ced1bf37151"},
    {file = "lxml-5.3.2-cp37-cp37m-manylinux_2_28_x86_64.whl", hash = "sha256:1539f962d82436f3d386eb9f29b2a29bb42b80199c74a695dff51b367a61ec0a"},
    {file = "lxml-5.3.2-cp37-cp37m-musllinux_1_2_aarch64.whl", hash = "sha256:6673920bf976421b5fac4f29b937702eef4555ee42329546a5fc68bae6178a48"},
    {file = "lxml-5.3.2-cp37-cp37m-musllinux_1_2_x86_64.whl", hash = "sha256:9fa722a9cd8845594593cce399a49aa6bfc13b6c83a7ee05e2ab346d9253d52f"},
    {file = "lxml-5.3.2-cp37-cp37m-win32.whl", hash = "sha256:2eadd4efa487f4710755415aed3d6ae9ac8b4327ea45226ffccb239766c8c610"},
    {file = "lxml-5.3.2-cp37-cp37m-win_amd64.whl", hash = "sha256:83d8707b1b08cd02c04d3056230ec3b771b18c566ec35e723e60cdf037064e08"},
    {file = "lxml-5.3.2-cp38-cp38-macosx_10_9_x86_64.whl", hash = "sha256:bc6e8678bfa5ccba370103976ccfcf776c85c83da9220ead41ea6fd15d2277b4"},
    {file = "lxml-5.3.2-cp38-cp38-manylinux_2_12_i686.manylinux2010_i686.manylinux_2_17_i686.manylinux2014_i686.whl", hash = "sha256:0bed509662f67f719119ad56006cd4a38efa68cfa74383060612044915e5f7ad"},
    {file = "lxml-5.3.2-cp38-cp38-manylinux_2_17_aarch64.manylinux2014_aarch64.whl", hash = "sha256:4e3925975fadd6fd72a6d80541a6ec75dfbad54044a03aa37282dafcb80fbdfa"},
    {file = "lxml-5.3.2-cp38-cp38-manylinux_2_17_x86_64.manylinux2014_x86_64.whl", hash = "sha256:83c0462dedc5213ac586164c6d7227da9d4d578cf45dd7fbab2ac49b63a008eb"},
    {file = "lxml-5.3.2-cp38-cp38-manylinux_2_28_aarch64.whl", hash = "sha256:53e3f9ca72858834688afa17278649d62aa768a4b2018344be00c399c4d29e95"},
    {file = "lxml-5.3.2-cp38-cp38-manylinux_2_28_x86_64.whl", hash = "sha256:32ba634ef3f1b20f781019a91d78599224dc45745dd572f951adbf1c0c9b0d75"},
    {file = "lxml-5.3.2-cp38-cp38-musllinux_1_2_aarch64.whl", hash = "sha256:1b16504c53f41da5fcf04868a80ac40a39d3eec5329caf761114caec6e844ad1"},
    {file = "lxml-5.3.2-cp38-cp38-musllinux_1_2_x86_64.whl", hash = "sha256:1f9682786138549da44ca4c49b20e7144d063b75f2b2ba611f4cff9b83db1062"},
    {file = "lxml-5.3.2-cp38-cp38-win32.whl", hash = "sha256:d8f74ef8aacdf6ee5c07566a597634bb8535f6b53dc89790db43412498cf6026"},
    {file = "lxml-5.3.2-cp38-cp38-win_amd64.whl", hash = "sha256:49f1cee0fa27e1ee02589c696a9bdf4027e7427f184fa98e6bef0c6613f6f0fa"},
    {file = "lxml-5.3.2-cp39-cp39-macosx_10_9_universal2.whl", hash = "sha256:741c126bcf9aa939e950e64e5e0a89c8e01eda7a5f5ffdfc67073f2ed849caea"},
    {file = "lxml-5.3.2-cp39-cp39-macosx_10_9_x86_64.whl", hash = "sha256:ab6e9e6aca1fd7d725ffa132286e70dee5b9a4561c5ed291e836440b82888f89"},
    {file = "lxml-5.3.2-cp39-cp39-manylinux_2_12_i686.manylinux2010_i686.manylinux_2_17_i686.manylinux2014_i686.whl", hash = "sha256:58e8c9b9ed3c15c2d96943c14efc324b69be6352fe5585733a7db2bf94d97841"},
    {file = "lxml-5.3.2-cp39-cp39-manylinux_2_17_aarch64.manylinux2014_aarch64.whl", hash = "sha256:7811828ddfb8c23f4f1fbf35e7a7b2edec2f2e4c793dee7c52014f28c4b35238"},
    {file = "lxml-5.3.2-cp39-cp39-manylinux_2_17_ppc64le.manylinux2014_ppc64le.whl", hash = "sha256:72968623efb1e12e950cbdcd1d0f28eb14c8535bf4be153f1bfffa818b1cf189"},
    {file = "lxml-5.3.2-cp39-cp39-manylinux_2_17_s390x.manylinux2014_s390x.whl", hash = "sha256:ebfceaa2ea588b54efb6160e3520983663d45aed8a3895bb2031ada080fb5f04"},
    {file = "lxml-5.3.2-cp39-cp39-manylinux_2_17_x86_64.manylinux2014_x86_64.whl", hash = "sha256:d685d458505b2bfd2e28c812749fe9194a2b0ce285a83537e4309a187ffa270b"},
    {file = "lxml-5.3.2-cp39-cp39-manylinux_2_28_aarch64.whl", hash = "sha256:334e0e414dab1f5366ead8ca34ec3148415f236d5660e175f1d640b11d645847"},
    {file = "lxml-5.3.2-cp39-cp39-manylinux_2_28_ppc64le.whl", hash = "sha256:02e56f7de72fa82561eae69628a7d6febd7891d72248c7ff7d3e7814d4031017"},
    {file = "lxml-5.3.2-cp39-cp39-manylinux_2_28_s390x.whl", hash = "sha256:638d06b4e1d34d1a074fa87deed5fb55c18485fa0dab97abc5604aad84c12031"},
    {file = "lxml-5.3.2-cp39-cp39-manylinux_2_28_x86_64.whl", hash = "sha256:354dab7206d22d7a796fa27c4c5bffddd2393da2ad61835355a4759d435beb47"},
    {file = "lxml-5.3.2-cp39-cp39-musllinux_1_2_aarch64.whl", hash = "sha256:d9d9f82ff2c3bf9bb777cb355149f7f3a98ec58f16b7428369dc27ea89556a4c"},
    {file = "lxml-5.3.2-cp39-cp39-musllinux_1_2_ppc64le.whl", hash = "sha256:95ad58340e3b7d2b828efc370d1791856613c5cb62ae267158d96e47b3c978c9"},
    {file = "lxml-5.3.2-cp39-cp39-musllinux_1_2_s390x.whl", hash = "sha256:30fe05f4b7f6e9eb32862745512e7cbd021070ad0f289a7f48d14a0d3fc1d8a9"},
    {file = "lxml-5.3.2-cp39-cp39-musllinux_1_2_x86_64.whl", hash = "sha256:34c688fef86f73dbca0798e0a61bada114677006afa524a8ce97d9e5fabf42e6"},
    {file = "lxml-5.3.2-cp39-cp39-win32.whl", hash = "sha256:4d6d3d1436d57f41984920667ec5ef04bcb158f80df89ac4d0d3f775a2ac0c87"},
    {file = "lxml-5.3.2-cp39-cp39-win_amd64.whl", hash = "sha256:2996e1116bbb3ae2a1fbb2ba4da8f92742290b4011e7e5bce2bd33bbc9d9485a"},
    {file = "lxml-5.3.2-pp310-pypy310_pp73-macosx_10_15_x86_64.whl", hash = "sha256:521ab9c80b98c30b2d987001c3ede2e647e92eeb2ca02e8cb66ef5122d792b24"},
    {file = "lxml-5.3.2-pp310-pypy310_pp73-manylinux_2_17_aarch64.manylinux2014_aarch64.whl", hash = "sha256:6f1231b0f9810289d41df1eacc4ebb859c63e4ceee29908a0217403cddce38d0"},
    {file = "lxml-5.3.2-pp310-pypy310_pp73-manylinux_2_17_x86_64.manylinux2014_x86_64.whl", hash = "sha256:271f1a4d5d2b383c36ad8b9b489da5ea9c04eca795a215bae61ed6a57cf083cd"},
    {file = "lxml-5.3.2-pp310-pypy310_pp73-manylinux_2_28_aarch64.whl", hash = "sha256:6fca8a5a13906ba2677a5252752832beb0f483a22f6c86c71a2bb320fba04f61"},
    {file = "lxml-5.3.2-pp310-pypy310_pp73-manylinux_2_28_x86_64.whl", hash = "sha256:ea0c3b7922209160faef194a5b6995bfe7fa05ff7dda6c423ba17646b7b9de10"},
    {file = "lxml-5.3.2-pp310-pypy310_pp73-win_amd64.whl", hash = "sha256:0a006390834603e5952a2ff74b9a31a6007c7cc74282a087aa6467afb4eea987"},
    {file = "lxml-5.3.2-pp37-pypy37_pp73-macosx_10_9_x86_64.whl", hash = "sha256:eae4136a3b8c4cf76f69461fc8f9410d55d34ea48e1185338848a888d71b9675"},
    {file = "lxml-5.3.2-pp37-pypy37_pp73-manylinux_2_17_aarch64.manylinux2014_aarch64.whl", hash = "sha256:d48e06be8d8c58e7feaedd8a37897a6122637efb1637d7ce00ddf5f11f9a92ad"},
    {file = "lxml-5.3.2-pp37-pypy37_pp73-manylinux_2_17_x86_64.manylinux2014_x86_64.whl", hash = "sha256:d4b83aed409134093d90e114007034d2c1ebcd92e501b71fd9ec70e612c8b2eb"},
    {file = "lxml-5.3.2-pp37-pypy37_pp73-manylinux_2_28_aarch64.whl", hash = "sha256:7a0e77edfe26d3703f954d46bed52c3ec55f58586f18f4b7f581fc56954f1d84"},
    {file = "lxml-5.3.2-pp37-pypy37_pp73-manylinux_2_28_x86_64.whl", hash = "sha256:19f6fcfd15b82036b4d235749d78785eb9c991c7812012dc084e0d8853b4c1c0"},
    {file = "lxml-5.3.2-pp37-pypy37_pp73-win_amd64.whl", hash = "sha256:d49919c95d31ee06eefd43d8c6f69a3cc9bdf0a9b979cc234c4071f0eb5cb173"},
    {file = "lxml-5.3.2-pp38-pypy38_pp73-macosx_10_9_x86_64.whl", hash = "sha256:2d0a60841410123c533990f392819804a8448853f06daf412c0f383443925e89"},
    {file = "lxml-5.3.2-pp38-pypy38_pp73-manylinux_2_17_aarch64.manylinux2014_aarch64.whl", hash = "sha256:4b7f729e03090eb4e3981f10efaee35e6004b548636b1a062b8b9a525e752abc"},
    {file = "lxml-5.3.2-pp38-pypy38_pp73-manylinux_2_17_x86_64.manylinux2014_x86_64.whl", hash = "sha256:579df6e20d8acce3bcbc9fb8389e6ae00c19562e929753f534ba4c29cfe0be4b"},
    {file = "lxml-5.3.2-pp38-pypy38_pp73-manylinux_2_28_aarch64.whl", hash = "sha256:2abcf3f3b8367d6400b908d00d4cd279fc0b8efa287e9043820525762d383699"},
    {file = "lxml-5.3.2-pp38-pypy38_pp73-manylinux_2_28_x86_64.whl", hash = "sha256:348c06cb2e3176ce98bee8c397ecc89181681afd13d85870df46167f140a305f"},
    {file = "lxml-5.3.2-pp38-pypy38_pp73-win_amd64.whl", hash = "sha256:617ecaccd565cbf1ac82ffcaa410e7da5bd3a4b892bb3543fb2fe19bd1c4467d"},
    {file = "lxml-5.3.2-pp39-pypy39_pp73-macosx_10_15_x86_64.whl", hash = "sha256:c3eb4278dcdb9d86265ed2c20b9ecac45f2d6072e3904542e591e382c87a9c00"},
    {file = "lxml-5.3.2-pp39-pypy39_pp73-manylinux_2_17_aarch64.manylinux2014_aarch64.whl", hash = "sha256:258b6b53458c5cbd2a88795557ff7e0db99f73a96601b70bc039114cd4ee9e02"},
    {file = "lxml-5.3.2-pp39-pypy39_pp73-manylinux_2_17_x86_64.manylinux2014_x86_64.whl", hash = "sha256:c0a9d8d25ed2f2183e8471c97d512a31153e123ac5807f61396158ef2793cb6e"},
    {file = "lxml-5.3.2-pp39-pypy39_pp73-manylinux_2_28_aarch64.whl", hash = "sha256:73bcb635a848c18a3e422ea0ab0092f2e4ef3b02d8ebe87ab49748ebc8ec03d8"},
    {file = "lxml-5.3.2-pp39-pypy39_pp73-manylinux_2_28_x86_64.whl", hash = "sha256:1545de0a69a16ced5767bae8cca1801b842e6e49e96f5e4a8a5acbef023d970b"},
    {file = "lxml-5.3.2-pp39-pypy39_pp73-win_amd64.whl", hash = "sha256:165fcdc2f40fc0fe88a3c3c06c9c2a097388a90bda6a16e6f7c9199c903c9b8e"},
    {file = "lxml-5.3.2.tar.gz", hash = "sha256:773947d0ed809ddad824b7b14467e1a481b8976e87278ac4a730c2f7c7fcddc1"},
]

[package.extras]
cssselect = ["cssselect (>=0.7)"]
html-clean = ["lxml_html_clean"]
html5 = ["html5lib"]
htmlsoup = ["BeautifulSoup4"]
source = ["Cython (>=3.0.11,<3.1.0)"]

[[package]]
name = "packaging"
version = "24.1"
description = "Core utilities for Python packages"
optional = false
python-versions = ">=3.8"
groups = ["dev"]
files = [
    {file = "packaging-24.1-py3-none-any.whl", hash = "sha256:5b8f2217dbdbd2f7f384c41c628544e6d52f2d0f53c6d0c3ea61aa5d1d7ff124"},
    {file = "packaging-24.1.tar.gz", hash = "sha256:026ed72c8ed3fcce5bf8950572258698927fd1dbda10a5e981cdf0ac37f4f002"},
]

[[package]]
name = "pillow"
version = "11.2.0"
description = "Python Imaging Library (Fork)"
optional = false
python-versions = ">=3.9"
groups = ["main"]
files = [
    {file = "pillow-11.2.0-cp310-cp310-macosx_10_10_x86_64.whl", hash = "sha256:38afd040bafe3c2893de4e011557c309a878e8fde07e3303bf3cb0f9832d237c"},
    {file = "pillow-11.2.0-cp310-cp310-macosx_11_0_arm64.whl", hash = "sha256:ed1f80258bc01a0bc5c5f2eda7e4cbd9bc25060dc69be2f00fe1435ba48f4ff4"},
    {file = "pillow-11.2.0-cp310-cp310-manylinux_2_17_aarch64.manylinux2014_aarch64.whl", hash = "sha256:52ecd8f581cd5aa0fcc29291acc99b38dbaf898272e86e3146ec3996ed370a46"},
    {file = "pillow-11.2.0-cp310-cp310-manylinux_2_17_x86_64.manylinux2014_x86_64.whl", hash = "sha256:10502f9425768a4f9c1c8471a7a3f942da659c727369bab1241b7ae1ff16f93f"},
    {file = "pillow-11.2.0-cp310-cp310-manylinux_2_28_aarch64.whl", hash = "sha256:d8a9dc58117878e94303dbc32a4c9fe470f6b77f349954d4ae003870c9ac7a83"},
    {file = "pillow-11.2.0-cp310-cp310-manylinux_2_28_x86_64.whl", hash = "sha256:71733ea2d70a5fc498b7675cb37e7dcfb2b1889d8a08128ec2a62b6843f0660a"},
    {file = "pillow-11.2.0-cp310-cp310-musllinux_1_2_aarch64.whl", hash = "sha256:4846c8efa94eda17832f09c4e8691c9aaeb7eef758c8b622af44e60887fcaf12"},
    {file = "pillow-11.2.0-cp310-cp310-musllinux_1_2_x86_64.whl", hash = "sha256:54206449613db62c82585bb26ac70f3a1a97654d70ad796b4e05624ef1b08f4e"},
    {file = "pillow-11.2.0-cp310-cp310-win32.whl", hash = "sha256:b92d9059719ec9a718ac9e04039764b10551f2c929db6cd6015e90f9c62f8b34"},
    {file = "pillow-11.2.0-cp310-cp310-win_amd64.whl", hash = "sha256:98cd082d9a523cb0f2f8775ec122e67a5cfd9afc6549d91aafe0c2d75535d008"},
    {file = "pillow-11.2.0-cp310-cp310-win_arm64.whl", hash = "sha256:5c3a8f916c494c0a3dc37daf5a0e7d98480a6f839ad0fa472e9858b667b48268"},
    {file = "pillow-11.2.0-cp311-cp311-macosx_10_10_x86_64.whl", hash = "sha256:cb17dc417e951a3af0c5a9ed2641b8b37e7b0e78fe685b91b927de474cddad58"},
    {file = "pillow-11.2.0-cp311-cp311-macosx_11_0_arm64.whl", hash = "sha256:f0125a9e668df3e83ff2cfa5800dfe5646591449abae40abf75a1d8b325ddd33"},
    {file = "pillow-11.2.0-cp311-cp311-manylinux_2_17_aarch64.manylinux2014_aarch64.whl", hash = "sha256:4d28e47fe5a5e5692ea5d239e8bb6c610cf2dad550fc34c5a32d49b1ffd1c891"},
    {file = "pillow-11.2.0-cp311-cp311-manylinux_2_17_x86_64.manylinux2014_x86_64.whl", hash = "sha256:9ec3481f45d9616bb18b5f3b145744dfcdfabea6a23efe233b8a9026852369d1"},
    {file = "pillow-11.2.0-cp311-cp311-manylinux_2_28_aarch64.whl", hash = "sha256:c026e417ebede0e84d9358cc1d9f702356e61a787be882016fbca4fb1248c0d1"},
    {file = "pillow-11.2.0-cp311-cp311-manylinux_2_28_x86_64.whl", hash = "sha256:92baf77b80de05ede82b14d92bf89a7f0067501b9476df0a162004f3bb015b50"},
    {file = "pillow-11.2.0-cp311-cp311-musllinux_1_2_aarch64.whl", hash = "sha256:ff44a55a650c0337d3db764cec4f85d1324369e5cf10f6daa96c9513182730a9"},
    {file = "pillow-11.2.0-cp311-cp311-musllinux_1_2_x86_64.whl", hash = "sha256:87c715dd5dc439bde27cf745d59b66af39b2df4355bc57ddd2e51f87f768fb06"},
    {file = "pillow-11.2.0-cp311-cp311-win32.whl", hash = "sha256:b4204996f6a813f5ca8e7d6365e104ec7391315d014780a909eadc19e613fcf9"},
    {file = "pillow-11.2.0-cp311-cp311-win_amd64.whl", hash = "sha256:4d1c229f800addb9158c26661c6ade9cb038ff7bb98e3c0149e8fd3a7b6e6e08"},
    {file = "pillow-11.2.0-cp311-cp311-win_arm64.whl", hash = "sha256:77cea582243e7286ac23ef6315eeb1434f5ccfc710afa16a8999194aa9d1e88a"},
    {file = "pillow-11.2.0-cp312-cp312-macosx_10_13_x86_64.whl", hash = "sha256:ffcfac194064f4a5bc389b9ef910a60b9bc8573a7e59f081fbc71a59794140f2"},
    {file = "pillow-11.2.0-cp312-cp312-macosx_11_0_arm64.whl", hash = "sha256:40f972b6e2a97c633fa25c3c8405d45942747eaf838805d76f7da0363a7696ec"},
    {file = "pillow-11.2.0-cp312-cp312-manylinux_2_17_aarch64.manylinux2014_aarch64.whl", hash = "sha256:8b46bd331193a7b223864010e751a30ec48245e5106e00eda94b435e37109de1"},
    {file = "pillow-11.2.0-cp312-cp312-manylinux_2_17_x86_64.manylinux2014_x86_64.whl", hash = "sha256:6581ee02eec144cbcdeb6bef055142129cfda0f52939480d81806ee8d61ab4f3"},
    {file = "pillow-11.2.0-cp312-cp312-manylinux_2_28_aarch64.whl", hash = "sha256:c2a6700be18335d341ddd12facbc49dcf0febbfeefdda4990e017698a8e66f59"},
    {file = "pillow-11.2.0-cp312-cp312-manylinux_2_28_x86_64.whl", hash = "sha256:b228ae10b25650539d37c056063c8f34c0da4f69419ce03249dfd0adc322d46b"},
    {file = "pillow-11.2.0-cp312-cp312-musllinux_1_2_aarch64.whl", hash = "sha256:36de59d15a95584fad3758c4bcb992c3bf279ddd86236d3f096dbf696efc2b48"},
    {file = "pillow-11.2.0-cp312-cp312-musllinux_1_2_x86_64.whl", hash = "sha256:23fedf0def4193848ce5be2f685e3606c1ebf42a033cfa092b729e6cf844d337"},
    {file = "pillow-11.2.0-cp312-cp312-win32.whl", hash = "sha256:290fd44a0b517a48af7660b7586538f9db1fe0656d7d6c97b0aefd2a4ad2b14d"},
    {file = "pillow-11.2.0-cp312-cp312-win_amd64.whl", hash = "sha256:728f2381d178722d008772e57b3252b8c6c0c284cee76e798ffb392ca71e3fd9"},
    {file = "pillow-11.2.0-cp312-cp312-win_arm64.whl", hash = "sha256:65dfab8348a42ba9883141e4fa09a7db6ff2a203d17450717b998fb27f4ba0b4"},
    {file = "pillow-11.2.0-cp313-cp313-macosx_10_13_x86_64.whl", hash = "sha256:0b46b5ee8443213da50b08caa1b2f7c407233873f6153c6fcf558fab57ac658b"},
    {file = "pillow-11.2.0-cp313-cp313-macosx_11_0_arm64.whl", hash = "sha256:70daf0b69bc9017796cb74a38a597a34e311e4e3e5254d7e4aa42aab3d1d3eac"},
    {file = "pillow-11.2.0-cp313-cp313-manylinux_2_17_aarch64.manylinux2014_aarch64.whl", hash = "sha256:00f8830ac57dc38bfacfb8bb1b7987da7ccbf99131dae0e826bfbaa2c8dfc990"},
    {file = "pillow-11.2.0-cp313-cp313-manylinux_2_17_x86_64.manylinux2014_x86_64.whl", hash = "sha256:597b629e4d135ebb904f58d0b3328c58dba3ac7bd1f9585e0dddcb250d3f955c"},
    {file = "pillow-11.2.0-cp313-cp313-manylinux_2_28_aarch64.whl", hash = "sha256:106fce029c62ddfed767e4f8cc3396e90ba45320d87df58bf83a73fdbe73f09b"},
    {file = "pillow-11.2.0-cp313-cp313-manylinux_2_28_x86_64.whl", hash = "sha256:676461578f605c8e56ea108c371632e4bf40697996d80b5899c592043432e5f1"},
    {file = "pillow-11.2.0-cp313-cp313-musllinux_1_2_aarch64.whl", hash = "sha256:0f19332b8de08305db8e003272ba86f5a65231b848a44ceef2e9593101637208"},
    {file = "pillow-11.2.0-cp313-cp313-musllinux_1_2_x86_64.whl", hash = "sha256:fe61cadf4f0449de64fb6911bca381f1a4c1f04cce3027a0d12ebaba626f97cd"},
    {file = "pillow-11.2.0-cp313-cp313-win32.whl", hash = "sha256:25e533264bec3ca5dc6e1587810dce1c2dda0b9d63ed4e27fa72092cb351cd55"},
    {file = "pillow-11.2.0-cp313-cp313-win_amd64.whl", hash = "sha256:9565b70771a38b096b0f78d830be5338ca9a0b810ea6cbfab54c64f0266f9c72"},
    {file = "pillow-11.2.0-cp313-cp313-win_arm64.whl", hash = "sha256:6fa29d8fcaf8a830ced88f390baffe32ae1ba41873a3f6c8946213d067db7ae0"},
    {file = "pillow-11.2.0-cp313-cp313t-macosx_10_13_x86_64.whl", hash = "sha256:07cd635650ddd10be04148e7f2e895afa240d0ea5e810cd10f650adba13f5f93"},
    {file = "pillow-11.2.0-cp313-cp313t-macosx_11_0_arm64.whl", hash = "sha256:b653372f6b3a7df74cd52abc8c400670ab08dd4473317508ed45668e87df0284"},
    {file = "pillow-11.2.0-cp313-cp313t-manylinux_2_17_aarch64.manylinux2014_aarch64.whl", hash = "sha256:63e0395313bc32de78309e24a298dc4986f8a93fc917032412f510a272ee9f25"},
    {file = "pillow-11.2.0-cp313-cp313t-manylinux_2_17_x86_64.manylinux2014_x86_64.whl", hash = "sha256:47dcb3289613e256c2419242f6d92b1c9ce28368bd337f6a0cf50cddfb8cc69a"},
    {file = "pillow-11.2.0-cp313-cp313t-manylinux_2_28_aarch64.whl", hash = "sha256:a32b243b37c060884bd04f6bb709a22d86ec05662374076e6a35c07ac0361477"},
    {file = "pillow-11.2.0-cp313-cp313t-manylinux_2_28_x86_64.whl", hash = "sha256:4122bb11e4d238ed28ecff24863c620aac22732bc102ab9550e99f6fd6eaf869"},
    {file = "pillow-11.2.0-cp313-cp313t-musllinux_1_2_aarch64.whl", hash = "sha256:be7a73fb992a9cb8e4362220037ea10d3eb52d0804220ca98de4f7d24c1f36c9"},
    {file = "pillow-11.2.0-cp313-cp313t-musllinux_1_2_x86_64.whl", hash = "sha256:0d3408815fc6ab70283916e0b058e7a4bbacdd7b5bb71ef81a9a507df4580b9a"},
    {file = "pillow-11.2.0-cp313-cp313t-win32.whl", hash = "sha256:491e11b37e322fc6e80b485f99203e6c4ed69ea170eb6d25e9cb9eb0b92db7e5"},
    {file = "pillow-11.2.0-cp313-cp313t-win_amd64.whl", hash = "sha256:4202372ccb549a3f12de2cebbafa82b0a3d8e2cb5569fa4b698e7da6b6521687"},
    {file = "pillow-11.2.0-cp313-cp313t-win_arm64.whl", hash = "sha256:a9cd300d223efadd1e540521bae1fcdab406ef6c5f2ca6e46370f5671b607f26"},
    {file = "pillow-11.2.0-cp39-cp39-macosx_10_10_x86_64.whl", hash = "sha256:20d8f9626c3d48baf14e01aca763e5457508cf4245ef0232ba601a4bfa3d26ce"},
    {file = "pillow-11.2.0-cp39-cp39-macosx_11_0_arm64.whl", hash = "sha256:57bc12a7d9175ec13c6e1e2a41532e6ae0f5218988259d1f83dd5f7097369ef8"},
    {file = "pillow-11.2.0-cp39-cp39-manylinux_2_17_aarch64.manylinux2014_aarch64.whl", hash = "sha256:582c458d766c479ebf5679d582fef698a42b803fa07190e04267280db4f14725"},
    {file = "pillow-11.2.0-cp39-cp39-manylinux_2_17_x86_64.manylinux2014_x86_64.whl", hash = "sha256:284bcf4d37699a3ca6af2f42ba5e90589802f9c9e0c09e4a1a05732e634e94f1"},
    {file = "pillow-11.2.0-cp39-cp39-manylinux_2_28_aarch64.whl", hash = "sha256:3a03f96498762c9a6e80282ce43386847e61540011510bf790c48488d834205d"},
    {file = "pillow-11.2.0-cp39-cp39-manylinux_2_28_x86_64.whl", hash = "sha256:f50edae2624495d3b075e40f65d86bcbf374fa822dfc05f1d9dc995507c410ed"},
    {file = "pillow-11.2.0-cp39-cp39-musllinux_1_2_aarch64.whl", hash = "sha256:c25567ad74526f362b55940d786e70568a05759a7d3b7de1f12aeec6920bc1ae"},
    {file = "pillow-11.2.0-cp39-cp39-musllinux_1_2_x86_64.whl", hash = "sha256:c8a74615674cca471e825392d833e666a945b2bbedfd93299d800f60ae6c495c"},
    {file = "pillow-11.2.0-cp39-cp39-win32.whl", hash = "sha256:d31997b8ddae9db2d93d9fe195b3bae67746419b22cb65dddcfd5d649aa7f26d"},
    {file = "pillow-11.2.0-cp39-cp39-win_amd64.whl", hash = "sha256:f56cd367fb7b5b2779c2b8e5ab2b228ce526b122c21126f4649f9ecd3796efc4"},
    {file = "pillow-11.2.0-cp39-cp39-win_arm64.whl", hash = "sha256:f67f2191773d7a54f8bad94ba781cba88aedf52fed0ff6f6050065f824d201a4"},
    {file = "pillow-11.2.0-pp310-pypy310_pp73-macosx_10_15_x86_64.whl", hash = "sha256:789c65fa7d2a17dc585bb4cc0f08392de5960f7e1a69c6171a82c9f7c5c98b3c"},
    {file = "pillow-11.2.0-pp310-pypy310_pp73-macosx_11_0_arm64.whl", hash = "sha256:7d516f854dadc0f449f0db7b93009d3169ae126511ee754c954b4a43c432bd9d"},
    {file = "pillow-11.2.0-pp310-pypy310_pp73-manylinux_2_17_aarch64.manylinux2014_aarch64.whl", hash = "sha256:cade37bde4fbe239b177e809a2599c2772f7e54e3c7a355431de6a25023a50d3"},
    {file = "pillow-11.2.0-pp310-pypy310_pp73-manylinux_2_17_x86_64.manylinux2014_x86_64.whl", hash = "sha256:afa1718a5ca25d52c766dfaae795d0286363b7adb005965aadfd9eea804fd0b3"},
]

[package.extras]
docs = ["furo", "olefile", "sphinx (>=8.2)", "sphinx-copybutton", "sphinx-inline-tabs", "sphinxext-opengraph"]
fpx = ["olefile"]
mic = ["olefile"]
test-arrow = ["pyarrow"]
tests = ["check-manifest", "coverage (>=7.4.2)", "defusedxml", "markdown2", "olefile", "packaging", "pyroma", "pytest", "pytest-cov", "pytest-timeout", "trove-classifiers (>=2024.10.12)"]
typing = ["typing-extensions ; python_version < \"3.10\""]
xmp = ["defusedxml"]

[[package]]
name = "pluggy"
version = "1.5.0"
description = "plugin and hook calling mechanisms for python"
optional = false
python-versions = ">=3.8"
groups = ["dev"]
files = [
    {file = "pluggy-1.5.0-py3-none-any.whl", hash = "sha256:44e1ad92c8ca002de6377e165f3e0f1be63266ab4d554740532335b9d75ea669"},
    {file = "pluggy-1.5.0.tar.gz", hash = "sha256:2cffa88e94fdc978c4c574f15f9e59b7f4201d439195c3715ca9e2486f1d0cf1"},
]

[package.extras]
dev = ["pre-commit", "tox"]
testing = ["pytest", "pytest-benchmark"]

[[package]]
name = "pytest"
version = "8.3.5"
description = "pytest: simple powerful testing with Python"
optional = false
python-versions = ">=3.8"
groups = ["dev"]
files = [
    {file = "pytest-8.3.5-py3-none-any.whl", hash = "sha256:c69214aa47deac29fad6c2a4f590b9c4a9fdb16a403176fe154b79c0b4d4d820"},
    {file = "pytest-8.3.5.tar.gz", hash = "sha256:f4efe70cc14e511565ac476b57c279e12a855b11f48f212af1080ef2263d3845"},
]

[package.dependencies]
colorama = {version = "*", markers = "sys_platform == \"win32\""}
iniconfig = "*"
packaging = "*"
pluggy = ">=1.5,<2"

[package.extras]
dev = ["argcomplete", "attrs (>=19.2)", "hypothesis (>=3.56)", "mock", "pygments (>=2.7.2)", "requests", "setuptools", "xmlschema"]

[[package]]
name = "python-telegram-bot"
version = "20.7"
description = "We have made you a wrapper you can't refuse"
optional = false
python-versions = ">=3.8"
groups = ["main"]
files = [
    {file = "python-telegram-bot-20.7.tar.gz", hash = "sha256:4f146c39de5f5e0b3723c2abedaf78046ebd30a6a49d2281ee4b3af5eb116b68"},
    {file = "python_telegram_bot-20.7-py3-none-any.whl", hash = "sha256:462326c65671c8c39e76c8c96756ee918be6797d225f8db84d2ec0f883383b8c"},
]

[package.dependencies]
httpx = ">=0.25.2,<0.26.0"

[package.extras]
all = ["APScheduler (>=3.10.4,<3.11.0)", "aiolimiter (>=1.1.0,<1.2.0)", "cachetools (>=5.3.2,<5.4.0)", "cryptography (>=39.0.1)", "httpx[http2]", "httpx[socks]", "pytz (>=2018.6)", "tornado (>=6.3.3,<6.4.0)"]
callback-data = ["cachetools (>=5.3.2,<5.4.0)"]
ext = ["APScheduler (>=3.10.4,<3.11.0)", "aiolimiter (>=1.1.0,<1.2.0)", "cachetools (>=5.3.2,<5.4.0)", "pytz (>=2018.6)", "tornado (>=6.3.3,<6.4.0)"]
http2 = ["httpx[http2]"]
job-queue = ["APScheduler (>=3.10.4,<3.11.0)", "pytz (>=2018.6)"]
passport = ["cryptography (>=39.0.1)"]
rate-limiter = ["aiolimiter (>=1.1.0,<1.2.0)"]
socks = ["httpx[socks]"]
webhooks = ["tornado (>=6.3.3,<6.4.0)"]

[[package]]
name = "ruff"
version = "0.11.5"
description = "An extremely fast Python linter and code formatter, written in Rust."
optional = false
python-versions = ">=3.7"
groups = ["dev"]
files = [
    {file = "ruff-0.11.5-py3-none-linux_armv6l.whl", hash = "sha256:2561294e108eb648e50f210671cc56aee590fb6167b594144401532138c66c7b"},
    {file = "ruff-0.11.5-py3-none-macosx_10_12_x86_64.whl", hash = "sha256:ac12884b9e005c12d0bd121f56ccf8033e1614f736f766c118ad60780882a077"},
    {file = "ruff-0.11.5-py3-none-macosx_11_0_arm64.whl", hash = "sha256:4bfd80a6ec559a5eeb96c33f832418bf0fb96752de0539905cf7b0cc1d31d779"},
    {file = "ruff-0.11.5-py3-none-manylinux_2_17_aarch64.manylinux2014_aarch64.whl", hash = "sha256:0947c0a1afa75dcb5db4b34b070ec2bccee869d40e6cc8ab25aca11a7d527794"},
    {file = "ruff-0.11.5-py3-none-manylinux_2_17_armv7l.manylinux2014_armv7l.whl", hash = "sha256:ad871ff74b5ec9caa66cb725b85d4ef89b53f8170f47c3406e32ef040400b038"},
    {file = "ruff-0.11.5-py3-none-manylinux_2_17_i686.manylinux2014_i686.whl", hash = "sha256:e6cf918390cfe46d240732d4d72fa6e18e528ca1f60e318a10835cf2fa3dc19f"},
    {file = "ruff-0.11.5-py3-none-manylinux_2_17_ppc64.manylinux2014_ppc64.whl", hash = "sha256:56145ee1478582f61c08f21076dc59153310d606ad663acc00ea3ab5b2125f82"},
    {file = "ruff-0.11.5-py3-none-manylinux_2_17_ppc64le.manylinux2014_ppc64le.whl", hash = "sha256:e5f66f8f1e8c9fc594cbd66fbc5f246a8d91f916cb9667e80208663ec3728304"},
    {file = "ruff-0.11.5-py3-none-manylinux_2_17_s390x.manylinux2014_s390x.whl", hash = "sha256:80b4df4d335a80315ab9afc81ed1cff62be112bd165e162b5eed8ac55bfc8470"},
    {file = "ruff-0.11.5-py3-none-manylinux_2_17_x86_64.manylinux2014_x86_64.whl", hash = "sha256:3068befab73620b8a0cc2431bd46b3cd619bc17d6f7695a3e1bb166b652c382a"},
    {file = "ruff-0.11.5-py3-none-musllinux_1_2_aarch64.whl", hash = "sha256:f5da2e710a9641828e09aa98b92c9ebbc60518fdf3921241326ca3e8f8e55b8b"},
    {file = "ruff-0.11.5-py3-none-musllinux_1_2_armv7l.whl", hash = "sha256:ef39f19cb8ec98cbc762344921e216f3857a06c47412030374fffd413fb8fd3a"},
    {file = "ruff-0.11.5-py3-none-musllinux_1_2_i686.whl", hash = "sha256:b2a7cedf47244f431fd11aa5a7e2806dda2e0c365873bda7834e8f7d785ae159"},
    {file = "ruff-0.11.5-py3-none-musllinux_1_2_x86_64.whl", hash = "sha256:81be52e7519f3d1a0beadcf8e974715b2dfc808ae8ec729ecfc79bddf8dbb783"},
    {file = "ruff-0.11.5-py3-none-win32.whl", hash = "sha256:e268da7b40f56e3eca571508a7e567e794f9bfcc0f412c4b607931d3af9c4afe"},
    {file = "ruff-0.11.5-py3-none-win_amd64.whl", hash = "sha256:6c6dc38af3cfe2863213ea25b6dc616d679205732dc0fb673356c2d69608f800"},
    {file = "ruff-0.11.5-py3-none-win_arm64.whl", hash = "sha256:67e241b4314f4eacf14a601d586026a962f4002a475aa702c69980a38087aa4e"},
    {file = "ruff-0.11.5.tar.gz", hash = "sha256:cae2e2439cb88853e421901ec040a758960b576126dab520fa08e9de431d1bef"},
]

[[package]]
name = "sniffio"
version = "1.3.1"
description = "Sniff out which async library your code is running under"
optional = false
python-versions = ">=3.7"
groups = ["main"]
files = [
    {file = "sniffio-1.3.1-py3-none-any.whl", hash = "sha256:2f6da418d1f1e0fddd844478f41680e794e6051915791a034ff65e5f100525a2"},
    {file = "sniffio-1.3.1.tar.gz", hash = "sha256:f4324edc670a0f49750a81b895f35c3adb843cca46f0530f79fc1babb23789dc"},
]

[metadata]
lock-version = "2.1"
python-versions = "3.11.*"
content-hash = "1c6bd872e86283022954956084c0c42cb54b0058ed64488ba49bdfc58dd6fcdc"
